{
  "version": 4,
  "terraform_version": "1.10.5",
  "serial": 181,
  "lineage": "a6a75be3-9af4-e80a-4f2a-e8c95038fa62",
  "outputs": {},
  "resources": [
    {
      "mode": "managed",
      "type": "aws_key_pair",
      "name": "keypair",
      "provider": "provider[\"registry.terraform.io/hashicorp/aws\"]",
      "instances": [
        {
          "schema_version": 1,
          "attributes": {
            "arn": "arn:aws:ec2:ap-southeast-1:050752643680:key-pair/keypair",
            "fingerprint": "7d:9a:1b:7f:50:b7:cf:19:09:d9:31:b2:a7:02:7c:1c",
            "id": "keypair",
            "key_name": "keypair",
            "key_name_prefix": "",
            "key_pair_id": "key-0744b94341caa9734",
            "key_type": "rsa",
            "public_key": "ssh-rsa AAAAB3NzaC1yc2EAAAADAQABAAACAQDKv13tBLsxAoihrk9ACmUmcKlmaO9NwqOeqNA5rOYuNBganxw7ubJsusATxt4K5ska5vb5B9SMn5WO4rCotm19DiHVK/RUU2qwUenfYzF/wDBehisRdUvyXLMwIA3QdhAZWFNkZ7xmZ3uS+5PTJzV8z5inwxojFANaaWNdkoaVTZeIZRJS4107igJsj6BMFBVtTz9KSqXE04sNBsNnrX2ldUfdp7bw0TrT6fMspiw6IIEZ+dOEWZ7o9LLIUNDLZhQHxDTgHeDiyq3+sF4DbhDr07pMNVjbzVQuXScZLJoVKX9vkPGMHn8G2spyG3v45TaKIdH7q98q3igW2aAdywpCyFhzIGUFUqz3ag9RJ1o0t5ITm5RBembMDioBenCSl0sEz88pDfSXb131EhPrv9JxgGO3/go3eExp5GE6sGqc3pU5/aapC5eZfmGn28PRS8LIpY8GG3ZmYed0A2tG9WvWqiVJlky6X7LFGkso6K8uZgVsUXEorqJjJT15ey05q5PT/Od0VC0qBPKiGNmKYR1+sXGE9mlUJs8UOgsLv5ivdyXVasrk+815BiZMhtAkshJ2qWbwxOWXux1BjmU+N9G5068i0HpWGV/y9zBXWC7YQp48hdj07xSXv3mYY6NXIt/CffjyOPBs62X1xuicufqovICoRkp2ZapaGUb4fNU/kQ== LENOVO@LAPTOP-4H600LUA",
            "tags": {},
            "tags_all": {}
          },
          "sensitive_attributes": [],
          "private": "eyJzY2hlbWFfdmVyc2lvbiI6IjEifQ=="
        }
      ]
    },
    {
      "module": "module.alb",
      "mode": "managed",
      "type": "aws_lb",
      "name": "application-tier-alb",
      "provider": "provider[\"registry.terraform.io/hashicorp/aws\"]",
      "instances": [
        {
          "schema_version": 0,
          "attributes": {
            "access_logs": [
              {
                "bucket": "",
                "enabled": false,
                "prefix": ""
              }
            ],
            "arn": "arn:aws:elasticloadbalancing:ap-southeast-1:050752643680:loadbalancer/app/application-tier-alb/009fc8e812eec092",
            "arn_suffix": "app/application-tier-alb/009fc8e812eec092",
            "client_keep_alive": 3600,
            "connection_logs": [
              {
                "bucket": "",
                "enabled": false,
                "prefix": ""
              }
            ],
            "customer_owned_ipv4_pool": "",
            "desync_mitigation_mode": "defensive",
            "dns_name": "internal-application-tier-alb-985099419.ap-southeast-1.elb.amazonaws.com",
            "dns_record_client_routing_policy": null,
            "drop_invalid_header_fields": false,
            "enable_cross_zone_load_balancing": true,
            "enable_deletion_protection": false,
            "enable_http2": true,
            "enable_tls_version_and_cipher_suite_headers": false,
            "enable_waf_fail_open": false,
            "enable_xff_client_port": false,
            "enable_zonal_shift": false,
            "enforce_security_group_inbound_rules_on_private_link_traffic": "",
            "id": "arn:aws:elasticloadbalancing:ap-southeast-1:050752643680:loadbalancer/app/application-tier-alb/009fc8e812eec092",
            "idle_timeout": 60,
            "internal": true,
            "ip_address_type": "ipv4",
            "load_balancer_type": "application",
            "name": "application-tier-alb",
            "name_prefix": "",
            "preserve_host_header": false,
            "security_groups": [
              "sg-0a146d698b600b462"
            ],
            "subnet_mapping": [
              {
                "allocation_id": "",
                "ipv6_address": "",
                "outpost_id": "",
                "private_ipv4_address": "",
                "subnet_id": "subnet-00193de163d3122d2"
              },
              {
                "allocation_id": "",
                "ipv6_address": "",
                "outpost_id": "",
                "private_ipv4_address": "",
                "subnet_id": "subnet-0e9e3c029e1fa3b63"
              }
            ],
            "subnets": [
              "subnet-00193de163d3122d2",
              "subnet-0e9e3c029e1fa3b63"
            ],
            "tags": {
              "Name": "loadbalancer"
            },
            "tags_all": {
              "Name": "loadbalancer"
            },
            "timeouts": null,
            "vpc_id": "vpc-0a343abdb8fdf4871",
            "xff_header_processing_mode": "append",
            "zone_id": "Z1LMS91P8CMLE5"
          },
          "sensitive_attributes": [],
          "private": "eyJlMmJmYjczMC1lY2FhLTExZTYtOGY4OC0zNDM2M2JjN2M0YzAiOnsiY3JlYXRlIjo2MDAwMDAwMDAwMDAsImRlbGV0ZSI6NjAwMDAwMDAwMDAwLCJ1cGRhdGUiOjYwMDAwMDAwMDAwMH19",
          "dependencies": [
            "module.networking.aws_subnet.private-subnet_applications_1",
            "module.networking.aws_subnet.private-subnet_applications_2",
            "module.networking.aws_subnet.private-subnet_data_1",
            "module.networking.aws_subnet.private-subnet_data_2",
            "module.networking.aws_vpc.vpc-demo",
            "module.security.aws_security_group.application_tier_alb",
            "module.security.aws_security_group.bastion_host",
            "module.security.aws_security_group.prensentation_tier_alb",
            "module.security.aws_security_group.prensentation_tier_ec2"
          ]
        }
      ]
    },
    {
      "module": "module.alb",
      "mode": "managed",
      "type": "aws_lb",
      "name": "presentation-tier-alb",
      "provider": "provider[\"registry.terraform.io/hashicorp/aws\"]",
      "instances": [
        {
          "schema_version": 0,
          "attributes": {
            "access_logs": [
              {
                "bucket": "",
                "enabled": false,
                "prefix": ""
              }
            ],
            "arn": "arn:aws:elasticloadbalancing:ap-southeast-1:050752643680:loadbalancer/app/presentation-tier-alb/680dbaaef410d9b9",
            "arn_suffix": "app/presentation-tier-alb/680dbaaef410d9b9",
            "client_keep_alive": 3600,
            "connection_logs": [
              {
                "bucket": "",
                "enabled": false,
                "prefix": ""
              }
            ],
            "customer_owned_ipv4_pool": "",
            "desync_mitigation_mode": "defensive",
            "dns_name": "presentation-tier-alb-417981534.ap-southeast-1.elb.amazonaws.com",
            "dns_record_client_routing_policy": null,
            "drop_invalid_header_fields": false,
            "enable_cross_zone_load_balancing": true,
            "enable_deletion_protection": false,
            "enable_http2": true,
            "enable_tls_version_and_cipher_suite_headers": false,
            "enable_waf_fail_open": false,
            "enable_xff_client_port": false,
            "enable_zonal_shift": false,
            "enforce_security_group_inbound_rules_on_private_link_traffic": "",
            "id": "arn:aws:elasticloadbalancing:ap-southeast-1:050752643680:loadbalancer/app/presentation-tier-alb/680dbaaef410d9b9",
            "idle_timeout": 60,
            "internal": false,
            "ip_address_type": "ipv4",
            "load_balancer_type": "application",
            "name": "presentation-tier-alb",
            "name_prefix": "",
            "preserve_host_header": false,
            "security_groups": [
              "sg-0c8f8d482a9ae2c73"
            ],
            "subnet_mapping": [
              {
                "allocation_id": "",
                "ipv6_address": "",
                "outpost_id": "",
                "private_ipv4_address": "",
                "subnet_id": "subnet-050c79af6af2721c2"
              },
              {
                "allocation_id": "",
                "ipv6_address": "",
                "outpost_id": "",
                "private_ipv4_address": "",
                "subnet_id": "subnet-08dc1e8fcf5969fd7"
              }
            ],
            "subnets": [
              "subnet-050c79af6af2721c2",
              "subnet-08dc1e8fcf5969fd7"
            ],
            "tags": {
              "Name": "loadbalancer"
            },
            "tags_all": {
              "Name": "loadbalancer"
            },
            "timeouts": null,
            "vpc_id": "vpc-0a343abdb8fdf4871",
            "xff_header_processing_mode": "append",
            "zone_id": "Z1LMS91P8CMLE5"
          },
          "sensitive_attributes": [],
          "private": "eyJlMmJmYjczMC1lY2FhLTExZTYtOGY4OC0zNDM2M2JjN2M0YzAiOnsiY3JlYXRlIjo2MDAwMDAwMDAwMDAsImRlbGV0ZSI6NjAwMDAwMDAwMDAwLCJ1cGRhdGUiOjYwMDAwMDAwMDAwMH19",
          "dependencies": [
            "module.networking.aws_subnet.public-subnet_present_1",
            "module.networking.aws_subnet.public-subnet_present_2",
            "module.networking.aws_vpc.vpc-demo",
            "module.security.aws_security_group.prensentation_tier_alb"
          ]
        }
      ]
    },
    {
      "module": "module.alb",
      "mode": "managed",
      "type": "aws_lb_listener",
      "name": "application_listener",
      "provider": "provider[\"registry.terraform.io/hashicorp/aws\"]",
      "instances": [
        {
          "schema_version": 0,
          "attributes": {
            "alpn_policy": null,
            "arn": "arn:aws:elasticloadbalancing:ap-southeast-1:050752643680:listener/app/application-tier-alb/009fc8e812eec092/d454be49a9c907ff",
            "certificate_arn": null,
            "default_action": [
              {
                "authenticate_cognito": [],
                "authenticate_oidc": [],
                "fixed_response": [],
                "forward": [],
                "order": 1,
                "redirect": [],
                "target_group_arn": "arn:aws:elasticloadbalancing:ap-southeast-1:050752643680:targetgroup/tf-20250308140251401200000001/93cc6e7f9db3d40d",
                "type": "forward"
              }
            ],
            "id": "arn:aws:elasticloadbalancing:ap-southeast-1:050752643680:listener/app/application-tier-alb/009fc8e812eec092/d454be49a9c907ff",
            "load_balancer_arn": "arn:aws:elasticloadbalancing:ap-southeast-1:050752643680:loadbalancer/app/application-tier-alb/009fc8e812eec092",
            "mutual_authentication": [],
            "port": 80,
            "protocol": "HTTP",
            "routing_http_request_x_amzn_mtls_clientcert_header_name": null,
            "routing_http_request_x_amzn_mtls_clientcert_issuer_header_name": null,
            "routing_http_request_x_amzn_mtls_clientcert_leaf_header_name": null,
            "routing_http_request_x_amzn_mtls_clientcert_serial_number_header_name": null,
            "routing_http_request_x_amzn_mtls_clientcert_subject_header_name": null,
            "routing_http_request_x_amzn_mtls_clientcert_validity_header_name": null,
            "routing_http_request_x_amzn_tls_cipher_suite_header_name": null,
            "routing_http_request_x_amzn_tls_version_header_name": null,
            "routing_http_response_access_control_allow_credentials_header_value": "",
            "routing_http_response_access_control_allow_headers_header_value": "",
            "routing_http_response_access_control_allow_methods_header_value": "",
            "routing_http_response_access_control_allow_origin_header_value": "",
            "routing_http_response_access_control_expose_headers_header_value": "",
            "routing_http_response_access_control_max_age_header_value": "",
            "routing_http_response_content_security_policy_header_value": "",
            "routing_http_response_server_enabled": false,
            "routing_http_response_strict_transport_security_header_value": "",
            "routing_http_response_x_content_type_options_header_value": "",
            "routing_http_response_x_frame_options_header_value": "",
            "ssl_policy": "",
            "tags": {},
            "tags_all": {},
            "tcp_idle_timeout_seconds": null,
            "timeouts": null
          },
          "sensitive_attributes": [],
          "private": "eyJlMmJmYjczMC1lY2FhLTExZTYtOGY4OC0zNDM2M2JjN2M0YzAiOnsiY3JlYXRlIjozMDAwMDAwMDAwMDAsInVwZGF0ZSI6MzAwMDAwMDAwMDAwfX0=",
          "dependencies": [
            "module.alb.aws_lb.application-tier-alb",
            "module.alb.aws_lb_target_group.application_target_group",
            "module.networking.aws_subnet.private-subnet_applications_1",
            "module.networking.aws_subnet.private-subnet_applications_2",
            "module.networking.aws_subnet.private-subnet_data_1",
            "module.networking.aws_subnet.private-subnet_data_2",
            "module.networking.aws_vpc.vpc-demo",
            "module.security.aws_security_group.application_tier_alb",
            "module.security.aws_security_group.bastion_host",
            "module.security.aws_security_group.prensentation_tier_alb",
            "module.security.aws_security_group.prensentation_tier_ec2"
          ]
        }
      ]
    },
    {
      "module": "module.alb",
      "mode": "managed",
      "type": "aws_lb_listener",
      "name": "presentation_listener",
      "provider": "provider[\"registry.terraform.io/hashicorp/aws\"]",
      "instances": [
        {
          "schema_version": 0,
          "attributes": {
            "alpn_policy": null,
            "arn": "arn:aws:elasticloadbalancing:ap-southeast-1:050752643680:listener/app/presentation-tier-alb/680dbaaef410d9b9/dc4f7cfae55f99ed",
            "certificate_arn": null,
            "default_action": [
              {
                "authenticate_cognito": [],
                "authenticate_oidc": [],
                "fixed_response": [],
                "forward": [],
                "order": 1,
                "redirect": [],
                "target_group_arn": "arn:aws:elasticloadbalancing:ap-southeast-1:050752643680:targetgroup/tf-20250308033655169400000001/e977d65c63a817aa",
                "type": "forward"
              }
            ],
            "id": "arn:aws:elasticloadbalancing:ap-southeast-1:050752643680:listener/app/presentation-tier-alb/680dbaaef410d9b9/dc4f7cfae55f99ed",
            "load_balancer_arn": "arn:aws:elasticloadbalancing:ap-southeast-1:050752643680:loadbalancer/app/presentation-tier-alb/680dbaaef410d9b9",
            "mutual_authentication": [],
            "port": 80,
            "protocol": "HTTP",
            "routing_http_request_x_amzn_mtls_clientcert_header_name": null,
            "routing_http_request_x_amzn_mtls_clientcert_issuer_header_name": null,
            "routing_http_request_x_amzn_mtls_clientcert_leaf_header_name": null,
            "routing_http_request_x_amzn_mtls_clientcert_serial_number_header_name": null,
            "routing_http_request_x_amzn_mtls_clientcert_subject_header_name": null,
            "routing_http_request_x_amzn_mtls_clientcert_validity_header_name": null,
            "routing_http_request_x_amzn_tls_cipher_suite_header_name": null,
            "routing_http_request_x_amzn_tls_version_header_name": null,
            "routing_http_response_access_control_allow_credentials_header_value": "",
            "routing_http_response_access_control_allow_headers_header_value": "",
            "routing_http_response_access_control_allow_methods_header_value": "",
            "routing_http_response_access_control_allow_origin_header_value": "",
            "routing_http_response_access_control_expose_headers_header_value": "",
            "routing_http_response_access_control_max_age_header_value": "",
            "routing_http_response_content_security_policy_header_value": "",
            "routing_http_response_server_enabled": false,
            "routing_http_response_strict_transport_security_header_value": "",
            "routing_http_response_x_content_type_options_header_value": "",
            "routing_http_response_x_frame_options_header_value": "",
            "ssl_policy": "",
            "tags": {},
            "tags_all": {},
            "tcp_idle_timeout_seconds": null,
            "timeouts": null
          },
          "sensitive_attributes": [],
          "private": "eyJlMmJmYjczMC1lY2FhLTExZTYtOGY4OC0zNDM2M2JjN2M0YzAiOnsiY3JlYXRlIjozMDAwMDAwMDAwMDAsInVwZGF0ZSI6MzAwMDAwMDAwMDAwfX0=",
          "dependencies": [
            "module.alb.aws_lb.presentation-tier-alb",
            "module.alb.aws_lb_target_group.presention_target_group",
            "module.networking.aws_subnet.public-subnet_present_1",
            "module.networking.aws_subnet.public-subnet_present_2",
            "module.networking.aws_vpc.vpc-demo",
            "module.security.aws_security_group.prensentation_tier_alb"
          ]
        }
      ]
    },
    {
      "module": "module.alb",
      "mode": "managed",
      "type": "aws_lb_target_group",
      "name": "application_target_group",
      "provider": "provider[\"registry.terraform.io/hashicorp/aws\"]",
      "instances": [
        {
          "schema_version": 0,
          "attributes": {
            "arn": "arn:aws:elasticloadbalancing:ap-southeast-1:050752643680:targetgroup/tf-20250308140251401200000001/93cc6e7f9db3d40d",
            "arn_suffix": "targetgroup/tf-20250308140251401200000001/93cc6e7f9db3d40d",
            "connection_termination": null,
            "deregistration_delay": "300",
            "health_check": [
              {
                "enabled": true,
                "healthy_threshold": 2,
                "interval": 30,
                "matcher": "200",
                "path": "/health",
                "port": "traffic-port",
                "protocol": "HTTP",
                "timeout": 5,
                "unhealthy_threshold": 2
              }
            ],
            "id": "arn:aws:elasticloadbalancing:ap-southeast-1:050752643680:targetgroup/tf-20250308140251401200000001/93cc6e7f9db3d40d",
            "ip_address_type": "ipv4",
            "lambda_multi_value_headers_enabled": false,
            "load_balancer_arns": [
              "arn:aws:elasticloadbalancing:ap-southeast-1:050752643680:loadbalancer/app/application-tier-alb/009fc8e812eec092"
            ],
            "load_balancing_algorithm_type": "round_robin",
            "load_balancing_anomaly_mitigation": "off",
            "load_balancing_cross_zone_enabled": "use_load_balancer_configuration",
            "name": "tf-20250308140251401200000001",
            "name_prefix": "tf-",
            "port": 3200,
            "preserve_client_ip": null,
            "protocol": "HTTP",
            "protocol_version": "HTTP1",
            "proxy_protocol_v2": false,
            "slow_start": 0,
            "stickiness": [
              {
                "cookie_duration": 86400,
                "cookie_name": "",
                "enabled": false,
                "type": "lb_cookie"
              }
            ],
            "tags": {},
            "tags_all": {},
            "target_failover": [
              {
                "on_deregistration": null,
                "on_unhealthy": null
              }
            ],
            "target_group_health": [
              {
                "dns_failover": [
                  {
                    "minimum_healthy_targets_count": "1",
                    "minimum_healthy_targets_percentage": "off"
                  }
                ],
                "unhealthy_state_routing": [
                  {
                    "minimum_healthy_targets_count": 1,
                    "minimum_healthy_targets_percentage": "off"
                  }
                ]
              }
            ],
            "target_health_state": [
              {
                "enable_unhealthy_connection_termination": null,
                "unhealthy_draining_interval": null
              }
            ],
            "target_type": "instance",
            "vpc_id": "vpc-0a343abdb8fdf4871"
          },
          "sensitive_attributes": [],
          "private": "bnVsbA==",
          "dependencies": [
            "module.networking.aws_vpc.vpc-demo"
          ]
        }
      ]
    },
    {
      "module": "module.alb",
      "mode": "managed",
      "type": "aws_lb_target_group",
      "name": "presention_target_group",
      "provider": "provider[\"registry.terraform.io/hashicorp/aws\"]",
      "instances": [
        {
          "schema_version": 0,
          "attributes": {
            "arn": "arn:aws:elasticloadbalancing:ap-southeast-1:050752643680:targetgroup/tf-20250308033655169400000001/e977d65c63a817aa",
            "arn_suffix": "targetgroup/tf-20250308033655169400000001/e977d65c63a817aa",
            "connection_termination": null,
            "deregistration_delay": "300",
            "health_check": [
              {
                "enabled": true,
                "healthy_threshold": 2,
                "interval": 30,
                "matcher": "200",
                "path": "/health",
                "port": "traffic-port",
                "protocol": "HTTP",
                "timeout": 5,
                "unhealthy_threshold": 2
              }
            ],
            "id": "arn:aws:elasticloadbalancing:ap-southeast-1:050752643680:targetgroup/tf-20250308033655169400000001/e977d65c63a817aa",
            "ip_address_type": "ipv4",
            "lambda_multi_value_headers_enabled": false,
            "load_balancer_arns": [
              "arn:aws:elasticloadbalancing:ap-southeast-1:050752643680:loadbalancer/app/presentation-tier-alb/680dbaaef410d9b9"
            ],
            "load_balancing_algorithm_type": "round_robin",
            "load_balancing_anomaly_mitigation": "off",
            "load_balancing_cross_zone_enabled": "use_load_balancer_configuration",
            "name": "tf-20250308033655169400000001",
            "name_prefix": "tf-",
            "port": 80,
            "preserve_client_ip": null,
            "protocol": "HTTP",
            "protocol_version": "HTTP1",
            "proxy_protocol_v2": false,
            "slow_start": 0,
            "stickiness": [
              {
                "cookie_duration": 86400,
                "cookie_name": "",
                "enabled": false,
                "type": "lb_cookie"
              }
            ],
            "tags": {},
            "tags_all": {},
            "target_failover": [
              {
                "on_deregistration": null,
                "on_unhealthy": null
              }
            ],
            "target_group_health": [
              {
                "dns_failover": [
                  {
                    "minimum_healthy_targets_count": "1",
                    "minimum_healthy_targets_percentage": "off"
                  }
                ],
                "unhealthy_state_routing": [
                  {
                    "minimum_healthy_targets_count": 1,
                    "minimum_healthy_targets_percentage": "off"
                  }
                ]
              }
            ],
            "target_health_state": [
              {
                "enable_unhealthy_connection_termination": null,
                "unhealthy_draining_interval": null
              }
            ],
            "target_type": "instance",
            "vpc_id": "vpc-0a343abdb8fdf4871"
          },
          "sensitive_attributes": [],
          "private": "bnVsbA==",
          "dependencies": [
            "module.networking.aws_vpc.vpc-demo"
          ]
        }
      ]
    },
    {
      "module": "module.compute",
      "mode": "managed",
      "type": "aws_instance",
      "name": "bastion_host",
      "provider": "provider[\"registry.terraform.io/hashicorp/aws\"]",
      "instances": [
        {
          "schema_version": 1,
          "attributes": {
            "ami": "ami-0b03299ddb99998e9",
            "arn": "arn:aws:ec2:ap-southeast-1:050752643680:instance/i-093ff9f906c7500e9",
            "associate_public_ip_address": true,
            "availability_zone": "ap-southeast-1a",
            "capacity_reservation_specification": [
              {
                "capacity_reservation_preference": "open",
                "capacity_reservation_target": []
              }
            ],
            "cpu_core_count": 1,
            "cpu_options": [
              {
                "amd_sev_snp": "",
                "core_count": 1,
                "threads_per_core": 1
              }
            ],
            "cpu_threads_per_core": 1,
            "credit_specification": [
              {
                "cpu_credits": "standard"
              }
            ],
            "disable_api_stop": false,
            "disable_api_termination": false,
            "ebs_block_device": [],
            "ebs_optimized": false,
            "enable_primary_ipv6": null,
            "enclave_options": [
              {
                "enabled": false
              }
            ],
            "ephemeral_block_device": [],
            "get_password_data": false,
            "hibernation": false,
            "host_id": "",
            "host_resource_group_arn": null,
            "iam_instance_profile": "",
            "id": "i-093ff9f906c7500e9",
            "instance_initiated_shutdown_behavior": "stop",
            "instance_lifecycle": "",
            "instance_market_options": [],
            "instance_state": "running",
            "instance_type": "t2.micro",
            "ipv6_address_count": 0,
            "ipv6_addresses": [],
            "key_name": "keypair",
            "launch_template": [],
            "maintenance_options": [
              {
                "auto_recovery": "default"
              }
            ],
            "metadata_options": [
              {
                "http_endpoint": "enabled",
                "http_protocol_ipv6": "disabled",
                "http_put_response_hop_limit": 2,
                "http_tokens": "required",
                "instance_metadata_tags": "disabled"
              }
            ],
            "monitoring": false,
            "network_interface": [],
            "outpost_arn": "",
            "password_data": "",
            "placement_group": "",
            "placement_partition_number": 0,
            "primary_network_interface_id": "eni-0867363dd77ce1d27",
            "private_dns": "ip-10-0-1-137.ap-southeast-1.compute.internal",
            "private_dns_name_options": [
              {
                "enable_resource_name_dns_a_record": false,
                "enable_resource_name_dns_aaaa_record": false,
                "hostname_type": "ip-name"
              }
            ],
            "private_ip": "10.0.1.137",
            "public_dns": "ec2-52-221-219-130.ap-southeast-1.compute.amazonaws.com",
            "public_ip": "52.221.219.130",
            "root_block_device": [
              {
                "delete_on_termination": true,
                "device_name": "/dev/xvda",
                "encrypted": false,
                "iops": 3000,
                "kms_key_id": "",
                "tags": {},
                "tags_all": {},
                "throughput": 125,
                "volume_id": "vol-0334db51c9578e9eb",
                "volume_size": 8,
                "volume_type": "gp3"
              }
            ],
            "secondary_private_ips": [],
            "security_groups": [],
            "source_dest_check": true,
            "spot_instance_request_id": "",
            "subnet_id": "subnet-08dc1e8fcf5969fd7",
            "tags": {
              "Name": "bastion_host"
            },
            "tags_all": {
              "Name": "bastion_host"
            },
            "tenancy": "default",
            "timeouts": null,
            "user_data": null,
            "user_data_base64": null,
            "user_data_replace_on_change": false,
            "volume_tags": null,
            "vpc_security_group_ids": [
              "sg-08f66a59c0904d7e4"
            ]
          },
          "sensitive_attributes": [],
          "private": "eyJlMmJmYjczMC1lY2FhLTExZTYtOGY4OC0zNDM2M2JjN2M0YzAiOnsiY3JlYXRlIjo2MDAwMDAwMDAwMDAsImRlbGV0ZSI6MTIwMDAwMDAwMDAwMCwicmVhZCI6OTAwMDAwMDAwMDAwLCJ1cGRhdGUiOjYwMDAwMDAwMDAwMH0sInNjaGVtYV92ZXJzaW9uIjoiMSJ9",
          "dependencies": [
            "aws_key_pair.keypair",
            "module.networking.aws_subnet.public-subnet_present_1",
            "module.networking.aws_subnet.public-subnet_present_2",
            "module.networking.aws_vpc.vpc-demo",
            "module.security.aws_security_group.bastion_host"
          ]
        }
      ]
    },
    {
      "module": "module.data",
      "mode": "managed",
      "type": "aws_db_instance",
      "name": "new_database",
      "provider": "provider[\"registry.terraform.io/hashicorp/aws\"]",
      "instances": [
        {
          "schema_version": 2,
          "attributes": {
            "address": "terraform-20250308024532116300000001.cxau0au24i3b.ap-southeast-1.rds.amazonaws.com",
            "allocated_storage": 200,
            "allow_major_version_upgrade": null,
            "apply_immediately": false,
            "arn": "arn:aws:rds:ap-southeast-1:050752643680:db:terraform-20250308024532116300000001",
            "auto_minor_version_upgrade": true,
            "availability_zone": "ap-southeast-1b",
            "backup_retention_period": 0,
            "backup_target": "region",
            "backup_window": "14:50-15:20",
            "blue_green_update": [],
            "ca_cert_identifier": "rds-ca-rsa2048-g1",
            "character_set_name": "",
            "copy_tags_to_snapshot": false,
            "custom_iam_instance_profile": "",
            "customer_owned_ip_enabled": false,
            "db_name": "new_database",
            "db_subnet_group_name": "subnet_group",
            "dedicated_log_volume": false,
            "delete_automated_backups": true,
            "deletion_protection": false,
            "domain": "",
            "domain_auth_secret_arn": "",
            "domain_dns_ips": [],
            "domain_fqdn": "",
            "domain_iam_role_name": "",
            "domain_ou": "",
            "enabled_cloudwatch_logs_exports": [],
            "endpoint": "terraform-20250308024532116300000001.cxau0au24i3b.ap-southeast-1.rds.amazonaws.com:3306",
            "engine": "mysql",
            "engine_lifecycle_support": "open-source-rds-extended-support",
            "engine_version": "8.0",
            "engine_version_actual": "8.0.40",
            "final_snapshot_identifier": null,
            "hosted_zone_id": "Z2G0U3KFCY8NZ5",
            "iam_database_authentication_enabled": false,
            "id": "db-WDMTBX7DYBINXEKGY2NYQVC2LQ",
            "identifier": "terraform-20250308024532116300000001",
            "identifier_prefix": "terraform-",
            "instance_class": "db.t3.micro",
            "iops": 0,
            "kms_key_id": "",
            "latest_restorable_time": "",
            "license_model": "general-public-license",
            "listener_endpoint": [],
            "maintenance_window": "tue:19:17-tue:19:47",
            "manage_master_user_password": null,
            "master_user_secret": [],
            "master_user_secret_kms_key_id": null,
            "max_allocated_storage": 0,
            "monitoring_interval": 0,
            "monitoring_role_arn": "",
            "multi_az": false,
            "nchar_character_set_name": "",
            "network_type": "IPV4",
            "option_group_name": "default:mysql-8-0",
            "parameter_group_name": "default.mysql8.0",
            "password": "912005za",
            "password_wo": null,
            "password_wo_version": null,
            "performance_insights_enabled": false,
            "performance_insights_kms_key_id": "",
            "performance_insights_retention_period": 0,
            "port": 3306,
            "publicly_accessible": false,
            "replica_mode": "",
            "replicas": [],
            "replicate_source_db": "",
            "resource_id": "db-WDMTBX7DYBINXEKGY2NYQVC2LQ",
            "restore_to_point_in_time": [],
            "s3_import": [],
            "skip_final_snapshot": true,
            "snapshot_identifier": null,
            "status": "available",
            "storage_encrypted": false,
            "storage_throughput": 0,
            "storage_type": "gp2",
            "tags": {},
            "tags_all": {},
            "timeouts": null,
            "timezone": "",
            "upgrade_storage_config": null,
            "username": "admin",
            "vpc_security_group_ids": [
              "sg-098f0b990c287a37a"
            ]
          },
          "sensitive_attributes": [
            [
              {
                "type": "get_attr",
                "value": "password_wo"
              }
            ],
            [
              {
                "type": "get_attr",
                "value": "password"
              }
            ]
          ],
          "private": "eyJlMmJmYjczMC1lY2FhLTExZTYtOGY4OC0zNDM2M2JjN2M0YzAiOnsiY3JlYXRlIjozMDAwMDAwMDAwMDAwLCJkZWxldGUiOjM2MDAwMDAwMDAwMDAsInVwZGF0ZSI6NDgwMDAwMDAwMDAwMH0sInNjaGVtYV92ZXJzaW9uIjoiMiJ9",
          "dependencies": [
            "module.data.aws_db_subnet_group.subnet_group",
            "module.networking.aws_subnet.private-subnet_applications_1",
            "module.networking.aws_subnet.private-subnet_applications_2",
            "module.networking.aws_subnet.private-subnet_data_1",
            "module.networking.aws_subnet.private-subnet_data_2",
            "module.networking.aws_vpc.vpc-demo",
            "module.security.aws_security_group.application_tier_alb",
            "module.security.aws_security_group.application_tier_ec2",
            "module.security.aws_security_group.bastion_host",
            "module.security.aws_security_group.data_tier",
            "module.security.aws_security_group.prensentation_tier_alb",
            "module.security.aws_security_group.prensentation_tier_ec2"
          ]
        }
      ]
    },
    {
      "module": "module.data",
      "mode": "managed",
      "type": "aws_db_subnet_group",
      "name": "subnet_group",
      "provider": "provider[\"registry.terraform.io/hashicorp/aws\"]",
      "instances": [
        {
          "schema_version": 0,
          "attributes": {
            "arn": "arn:aws:rds:ap-southeast-1:050752643680:subgrp:subnet_group",
            "description": "Managed by Terraform",
            "id": "subnet_group",
            "name": "subnet_group",
            "name_prefix": "",
            "subnet_ids": [
              "subnet-096bbc2e66887caf4",
              "subnet-0e66e9e74c2a92715"
            ],
            "supported_network_types": [
              "IPV4"
            ],
            "tags": {
              "Name": "subnet_group"
            },
            "tags_all": {
              "Name": "subnet_group"
            },
            "vpc_id": "vpc-0a343abdb8fdf4871"
          },
          "sensitive_attributes": [],
          "private": "bnVsbA==",
          "dependencies": [
            "module.networking.aws_subnet.private-subnet_applications_1",
            "module.networking.aws_subnet.private-subnet_applications_2",
            "module.networking.aws_subnet.private-subnet_data_1",
            "module.networking.aws_subnet.private-subnet_data_2",
            "module.networking.aws_vpc.vpc-demo"
          ]
        }
      ]
    },
    {
      "module": "module.launch_template",
      "mode": "managed",
      "type": "aws_autoscaling_group",
      "name": "application_tier_asg",
      "provider": "provider[\"registry.terraform.io/hashicorp/aws\"]",
      "instances": [
        {
          "schema_version": 1,
          "attributes": {
            "arn": "arn:aws:autoscaling:ap-southeast-1:050752643680:autoScalingGroup:c727b9aa-a83c-4396-a9dd-375158110aa3:autoScalingGroupName/application_tier_asg",
            "availability_zone_distribution": [
              {
                "capacity_distribution_strategy": "balanced-best-effort"
              }
            ],
            "availability_zones": [
              "ap-southeast-1a",
              "ap-southeast-1b"
            ],
            "capacity_rebalance": false,
            "context": "",
            "default_cooldown": 300,
            "default_instance_warmup": 0,
            "desired_capacity": 2,
            "desired_capacity_type": "",
            "enabled_metrics": [
              "GroupDesiredCapacity",
              "GroupInServiceInstances",
              "GroupMaxSize",
              "GroupMinSize",
              "GroupPendingInstances",
              "GroupStandbyInstances",
              "GroupTerminatingInstances",
              "GroupTotalInstances"
            ],
            "force_delete": false,
            "force_delete_warm_pool": false,
            "health_check_grace_period": 300,
            "health_check_type": "ELB",
            "id": "application_tier_asg",
            "ignore_failed_scaling_activities": false,
            "initial_lifecycle_hook": [],
            "instance_maintenance_policy": [],
            "instance_refresh": [],
            "launch_configuration": "",
            "launch_template": [
              {
                "id": "lt-0c5c1d05d16936755",
                "name": "application_tier_lt",
                "version": "$Latest"
              }
            ],
            "load_balancers": [],
            "max_instance_lifetime": 0,
            "max_size": 3,
            "metrics_granularity": "1Minute",
            "min_elb_capacity": null,
            "min_size": 1,
            "mixed_instances_policy": [],
            "name": "application_tier_asg",
            "name_prefix": "",
            "placement_group": "",
            "predicted_capacity": 0,
            "protect_from_scale_in": false,
            "service_linked_role_arn": "arn:aws:iam::050752643680:role/aws-service-role/autoscaling.amazonaws.com/AWSServiceRoleForAutoScaling",
            "suspended_processes": [],
            "tag": [
              {
                "key": "Name",
                "propagate_at_launch": true,
                "value": "autoscaling_group"
              }
            ],
            "target_group_arns": [
              "arn:aws:elasticloadbalancing:ap-southeast-1:050752643680:targetgroup/tf-20250308140251401200000001/93cc6e7f9db3d40d"
            ],
            "termination_policies": [],
            "timeouts": null,
            "traffic_source": [
              {
                "identifier": "arn:aws:elasticloadbalancing:ap-southeast-1:050752643680:targetgroup/tf-20250308140251401200000001/93cc6e7f9db3d40d",
                "type": "elbv2"
              }
            ],
            "vpc_zone_identifier": [
              "subnet-00193de163d3122d2",
              "subnet-0e9e3c029e1fa3b63"
            ],
            "wait_for_capacity_timeout": "10m",
            "wait_for_elb_capacity": null,
            "warm_pool": [],
            "warm_pool_size": 0
          },
          "sensitive_attributes": [],
          "private": "eyJlMmJmYjczMC1lY2FhLTExZTYtOGY4OC0zNDM2M2JjN2M0YzAiOnsiZGVsZXRlIjo2MDAwMDAwMDAwMDAsInVwZGF0ZSI6NjAwMDAwMDAwMDAwfSwic2NoZW1hX3ZlcnNpb24iOiIxIn0=",
          "dependencies": [
            "aws_key_pair.keypair",
            "module.alb.aws_lb_target_group.application_target_group",
            "module.launch_template.aws_launch_template.application_tier_lt",
            "module.networking.aws_subnet.private-subnet_applications_1",
            "module.networking.aws_subnet.private-subnet_applications_2",
            "module.networking.aws_subnet.private-subnet_data_1",
            "module.networking.aws_subnet.private-subnet_data_2",
            "module.networking.aws_vpc.vpc-demo",
            "module.security.aws_security_group.application_tier_alb",
            "module.security.aws_security_group.application_tier_ec2",
            "module.security.aws_security_group.bastion_host",
            "module.security.aws_security_group.prensentation_tier_alb",
            "module.security.aws_security_group.prensentation_tier_ec2"
          ]
        }
      ]
    },
    {
      "module": "module.launch_template",
      "mode": "managed",
      "type": "aws_autoscaling_group",
      "name": "presentation_tier_asg",
      "provider": "provider[\"registry.terraform.io/hashicorp/aws\"]",
      "instances": [
        {
          "schema_version": 1,
          "attributes": {
            "arn": "arn:aws:autoscaling:ap-southeast-1:050752643680:autoScalingGroup:108da2cd-2b75-48df-9c32-7e6415194774:autoScalingGroupName/presentation_tier_asg",
            "availability_zone_distribution": [
              {
                "capacity_distribution_strategy": "balanced-best-effort"
              }
            ],
            "availability_zones": [
              "ap-southeast-1a",
              "ap-southeast-1b"
            ],
            "capacity_rebalance": false,
            "context": "",
            "default_cooldown": 300,
            "default_instance_warmup": 0,
            "desired_capacity": 2,
            "desired_capacity_type": "",
            "enabled_metrics": [
              "GroupDesiredCapacity",
              "GroupInServiceInstances",
              "GroupMaxSize",
              "GroupMinSize",
              "GroupPendingInstances",
              "GroupStandbyInstances",
              "GroupTerminatingInstances",
              "GroupTotalInstances"
            ],
            "force_delete": false,
            "force_delete_warm_pool": false,
            "health_check_grace_period": 300,
            "health_check_type": "ELB",
            "id": "presentation_tier_asg",
            "ignore_failed_scaling_activities": false,
            "initial_lifecycle_hook": [],
            "instance_maintenance_policy": [],
            "instance_refresh": [],
            "launch_configuration": "",
            "launch_template": [
              {
                "id": "lt-03f4e25b8a42ad7ca",
                "name": "presentation_tier_lt",
                "version": "$Latest"
              }
            ],
            "load_balancers": [],
            "max_instance_lifetime": 0,
            "max_size": 3,
            "metrics_granularity": "1Minute",
            "min_elb_capacity": null,
            "min_size": 1,
            "mixed_instances_policy": [],
            "name": "presentation_tier_asg",
            "name_prefix": "",
            "placement_group": "",
            "predicted_capacity": 0,
            "protect_from_scale_in": false,
            "service_linked_role_arn": "arn:aws:iam::050752643680:role/aws-service-role/autoscaling.amazonaws.com/AWSServiceRoleForAutoScaling",
            "suspended_processes": [],
            "tag": [
              {
                "key": "Name",
                "propagate_at_launch": true,
                "value": "autoscaling_group"
              }
            ],
            "target_group_arns": [
              "arn:aws:elasticloadbalancing:ap-southeast-1:050752643680:targetgroup/tf-20250308033655169400000001/e977d65c63a817aa"
            ],
            "termination_policies": [],
            "timeouts": null,
            "traffic_source": [
              {
                "identifier": "arn:aws:elasticloadbalancing:ap-southeast-1:050752643680:targetgroup/tf-20250308033655169400000001/e977d65c63a817aa",
                "type": "elbv2"
              }
            ],
            "vpc_zone_identifier": [
              "subnet-050c79af6af2721c2",
              "subnet-08dc1e8fcf5969fd7"
            ],
            "wait_for_capacity_timeout": "10m",
            "wait_for_elb_capacity": null,
            "warm_pool": [],
            "warm_pool_size": 0
          },
          "sensitive_attributes": [],
          "private": "eyJlMmJmYjczMC1lY2FhLTExZTYtOGY4OC0zNDM2M2JjN2M0YzAiOnsiZGVsZXRlIjo2MDAwMDAwMDAwMDAsInVwZGF0ZSI6NjAwMDAwMDAwMDAwfSwic2NoZW1hX3ZlcnNpb24iOiIxIn0=",
          "dependencies": [
            "aws_key_pair.keypair",
            "module.alb.aws_lb_target_group.presention_target_group",
            "module.launch_template.aws_launch_template.presentation_tier_lt",
            "module.networking.aws_subnet.public-subnet_present_1",
            "module.networking.aws_subnet.public-subnet_present_2",
            "module.networking.aws_vpc.vpc-demo",
            "module.security.aws_security_group.bastion_host",
            "module.security.aws_security_group.prensentation_tier_alb",
            "module.security.aws_security_group.prensentation_tier_ec2"
          ]
        }
      ]
    },
    {
      "module": "module.launch_template",
      "mode": "managed",
      "type": "aws_autoscaling_policy",
      "name": "target_tracking_policy",
      "provider": "provider[\"registry.terraform.io/hashicorp/aws\"]",
      "instances": [
        {
          "schema_version": 0,
          "attributes": {
            "adjustment_type": "",
            "arn": "arn:aws:autoscaling:ap-southeast-1:050752643680:scalingPolicy:70e49621-d35b-40fe-8d17-36c0b40d175e:autoScalingGroupName/presentation_tier_asg:policyName/target-tracking-policy",
            "autoscaling_group_name": "presentation_tier_asg",
            "cooldown": 0,
            "enabled": true,
            "estimated_instance_warmup": 0,
            "id": "target-tracking-policy",
            "metric_aggregation_type": "",
            "min_adjustment_magnitude": 0,
            "name": "target-tracking-policy",
            "policy_type": "TargetTrackingScaling",
            "predictive_scaling_configuration": [],
            "scaling_adjustment": 0,
            "step_adjustment": [],
            "target_tracking_configuration": [
              {
                "customized_metric_specification": [],
                "disable_scale_in": false,
                "predefined_metric_specification": [
                  {
                    "predefined_metric_type": "ASGAverageCPUUtilization",
                    "resource_label": ""
                  }
                ],
                "target_value": 50
              }
            ]
          },
          "sensitive_attributes": [],
          "private": "bnVsbA==",
          "dependencies": [
            "aws_key_pair.keypair",
            "module.alb.aws_lb_target_group.presention_target_group",
            "module.launch_template.aws_autoscaling_group.presentation_tier_asg",
            "module.launch_template.aws_launch_template.presentation_tier_lt",
            "module.networking.aws_subnet.public-subnet_present_1",
            "module.networking.aws_subnet.public-subnet_present_2",
            "module.networking.aws_vpc.vpc-demo",
            "module.security.aws_security_group.bastion_host",
            "module.security.aws_security_group.prensentation_tier_alb",
            "module.security.aws_security_group.prensentation_tier_ec2"
          ]
        }
      ]
    },
    {
      "module": "module.launch_template",
      "mode": "managed",
      "type": "aws_autoscaling_policy",
      "name": "target_tracking_policy_application",
      "provider": "provider[\"registry.terraform.io/hashicorp/aws\"]",
      "instances": [
        {
          "schema_version": 0,
          "attributes": {
            "adjustment_type": "",
            "arn": "arn:aws:autoscaling:ap-southeast-1:050752643680:scalingPolicy:a28da3d1-11ca-45f9-b6c6-39997ed4bc18:autoScalingGroupName/application_tier_asg:policyName/target_tracking_policy_application",
            "autoscaling_group_name": "application_tier_asg",
            "cooldown": 0,
            "enabled": true,
            "estimated_instance_warmup": 0,
            "id": "target_tracking_policy_application",
            "metric_aggregation_type": "",
            "min_adjustment_magnitude": 0,
            "name": "target_tracking_policy_application",
            "policy_type": "TargetTrackingScaling",
            "predictive_scaling_configuration": [],
            "scaling_adjustment": 0,
            "step_adjustment": [],
            "target_tracking_configuration": [
              {
                "customized_metric_specification": [],
                "disable_scale_in": false,
                "predefined_metric_specification": [
                  {
                    "predefined_metric_type": "ASGAverageCPUUtilization",
                    "resource_label": ""
                  }
                ],
                "target_value": 50
              }
            ]
          },
          "sensitive_attributes": [],
          "private": "bnVsbA==",
          "dependencies": [
            "aws_key_pair.keypair",
            "module.alb.aws_lb_target_group.application_target_group",
            "module.launch_template.aws_autoscaling_group.application_tier_asg",
            "module.launch_template.aws_launch_template.application_tier_lt",
            "module.networking.aws_subnet.private-subnet_applications_1",
            "module.networking.aws_subnet.private-subnet_applications_2",
            "module.networking.aws_subnet.private-subnet_data_1",
            "module.networking.aws_subnet.private-subnet_data_2",
            "module.networking.aws_vpc.vpc-demo",
            "module.security.aws_security_group.application_tier_alb",
            "module.security.aws_security_group.application_tier_ec2",
            "module.security.aws_security_group.bastion_host",
            "module.security.aws_security_group.prensentation_tier_alb",
            "module.security.aws_security_group.prensentation_tier_ec2"
          ]
        }
      ]
    },
    {
      "module": "module.launch_template",
      "mode": "managed",
      "type": "aws_launch_template",
      "name": "application_tier_lt",
      "provider": "provider[\"registry.terraform.io/hashicorp/aws\"]",
      "instances": [
        {
          "schema_version": 0,
          "attributes": {
            "arn": "arn:aws:ec2:ap-southeast-1:050752643680:launch-template/lt-0c5c1d05d16936755",
            "block_device_mappings": [],
            "capacity_reservation_specification": [],
            "cpu_options": [],
            "credit_specification": [],
            "default_version": 1,
            "description": "",
            "disable_api_stop": false,
            "disable_api_termination": false,
            "ebs_optimized": "",
            "elastic_gpu_specifications": [],
            "elastic_inference_accelerator": [],
            "enclave_options": [],
            "hibernation_options": [],
            "iam_instance_profile": [],
            "id": "lt-0c5c1d05d16936755",
            "image_id": "ami-0b03299ddb99998e9",
            "instance_initiated_shutdown_behavior": "",
            "instance_market_options": [],
            "instance_requirements": [],
            "instance_type": "t2.micro",
            "kernel_id": "",
            "key_name": "keypair",
            "latest_version": 2,
            "license_specification": [],
            "maintenance_options": [],
            "metadata_options": [],
            "monitoring": [],
            "name": "application_tier_lt",
            "name_prefix": "",
            "network_interfaces": [
              {
                "associate_carrier_ip_address": "",
                "associate_public_ip_address": "false",
                "connection_tracking_specification": [],
                "delete_on_termination": "",
                "description": "",
                "device_index": 0,
                "ena_srd_specification": [],
                "interface_type": "",
                "ipv4_address_count": 0,
                "ipv4_addresses": [],
                "ipv4_prefix_count": 0,
                "ipv4_prefixes": [],
                "ipv6_address_count": 0,
                "ipv6_addresses": [],
                "ipv6_prefix_count": 0,
                "ipv6_prefixes": [],
                "network_card_index": 0,
                "network_interface_id": "",
                "primary_ipv6": "",
                "private_ip_address": "",
                "security_groups": [
                  "sg-01bd7bd39b52fe1c6"
                ],
                "subnet_id": ""
              }
            ],
            "placement": [],
            "private_dns_name_options": [],
            "ram_disk_id": "",
            "security_group_names": [],
            "tag_specifications": [],
            "tags": {},
            "tags_all": {},
            "update_default_version": null,
            "user_data": "IyEvYmluL2Jhc2ggCiMgVXBkYXRlIHBhY2thZ2UgbGlzdCBhbmQgaW5zdGFsbCByZXF1aXJlZCBwYWNrYWdlcyAKc3VkbyB5dW0gdXBkYXRlIC15IApzdWRvIHl1bSBpbnN0YWxsIC15IGdpdCAKCiMgSW5zdGFsbCBOb2RlLmpzICh1c2UgTm9kZVNvdXJjZSBmb3IgdGhlIGxhdGVzdCB2ZXJzaW9uKSAKY3VybCAtZnNTTCBodHRwczovL3JwbS5ub2Rlc291cmNlLmNvbS9zZXR1cF8xOC54IHwgc3VkbyBiYXNoIC0gCnN1ZG8geXVtIGluc3RhbGwgLXkgbm9kZWpzIAoKIyBJbnN0YWxsIFBNMiBnbG9iYWxseSAKc3VkbyBucG0gaW5zdGFsbCAtZyBwbTIgCgojIERlZmluZSB2YXJpYWJsZXMgClJFUE9fVVJMPSJodHRwczovL2dpdGh1Yi5jb20vbGVhcm5JdFJpZ2h0V2F5MDEvcmVhY3Qtbm9kZS1teXNxbC1hcHAuZ2l0IiAKQlJBTkNIX05BTUU9ImZlYXR1cmUvYWRkLWxvZ2dpbmciIApSRVBPX0RJUj0iL2hvbWUvZWMyLXVzZXIvcmVhY3Qtbm9kZS1teXNxbC1hcHAvYmFja2VuZCIgCkVOVl9GSUxFPSIkUkVQT19ESVIvLmVudiIgCgojIENsb25lIHRoZSByZXBvc2l0b3J5IApjZCAvaG9tZS9lYzItdXNlciAKc3VkbyAtdSBlYzItdXNlciBnaXQgY2xvbmUgJFJFUE9fVVJMIApjZCByZWFjdC1ub2RlLW15c3FsLWFwcCAgCgojIENoZWNrb3V0IHRvIHRoZSBzcGVjaWZpYyBicmFuY2ggCnN1ZG8gLXUgZWMyLXVzZXIgZ2l0IGNoZWNrb3V0ICRCUkFOQ0hfTkFNRSAKY2QgYmFja2VuZCAKCiMgRGVmaW5lIHRoZSBsb2cgZGlyZWN0b3J5IGFuZCBlbnN1cmUgaXQgZXhpc3RzIApMT0dfRElSPSIvaG9tZS9lYzItdXNlci9yZWFjdC1ub2RlLW15c3FsLWFwcC9iYWNrZW5kL2xvZ3MiIApta2RpciAtcCAkTE9HX0RJUiAKc3VkbyBjaG93biAtUiBlYzItdXNlcjplYzItdXNlciAkTE9HX0RJUgoKIyBBcHBlbmQgZW52aXJvbm1lbnQgdmFyaWFibGVzIHRvIHRoZSAuZW52IGZpbGUKZWNobyAiTE9HX0RJUj0kTE9HX0RJUiIgPj4gIiRFTlZfRklMRSIKZWNobyAiREJfSE9TVD1cInRlcnJhZm9ybS0yMDI1MDMwODAyNDUzMjExNjMwMDAwMDAwMS5jeGF1MGF1MjRpM2IuYXAtc291dGhlYXN0LTEucmRzLmFtYXpvbmF3cy5jb21cIiIgPj4gIiRFTlZfRklMRSIKZWNobyAiREJfUE9SVD1cIjMzMDZcIiIgPj4gIiRFTlZfRklMRSIKZWNobyAiREJfVVNFUj1cImFkbWluXCIiID4+ICIkRU5WX0ZJTEUiCmVjaG8gIkRCX1BBU1NXT1JEPVwiOTEyMDA1emFcIiIgPj4gIiRFTlZfRklMRSIgICMgUmVwbGFjZSB3aXRoIGFjdHVhbCBwYXNzd29yZAplY2hvICJEQl9OQU1FPVwicmVhY3Rfbm9kZV9hcHBcIiIgPj4gIiRFTlZfRklMRSIKCiMgSW5zdGFsbCBOb2RlLmpzIGRlcGVuZGVuY2llcyBhcyBlYzItdXNlcgpzdWRvIC11IGVjMi11c2VyIG5wbSBpbnN0YWxsCgojIFN0YXJ0IHRoZSBhcHBsaWNhdGlvbiB1c2luZyBQTTIgYXMgZWMyLXVzZXIKc3VkbyAtdSBlYzItdXNlciBucG0gcnVuIHNlcnZlCgojIEVuc3VyZSBQTTIgcmVzdGFydHMgb24gcmVib290IGFzIGVjMi11c2VyCnN1ZG8gLXUgZWMyLXVzZXIgcG0yIHN0YXJ0dXAgc3lzdGVtZCAKc3VkbyAtdSBlYzItdXNlciBwbTIgc2F2ZSA=",
            "vpc_security_group_ids": []
          },
          "sensitive_attributes": [],
          "private": "bnVsbA==",
          "dependencies": [
            "aws_key_pair.keypair",
            "module.networking.aws_vpc.vpc-demo",
            "module.security.aws_security_group.application_tier_alb",
            "module.security.aws_security_group.application_tier_ec2",
            "module.security.aws_security_group.bastion_host",
            "module.security.aws_security_group.prensentation_tier_alb",
            "module.security.aws_security_group.prensentation_tier_ec2"
          ]
        }
      ]
    },
    {
      "module": "module.launch_template",
      "mode": "managed",
      "type": "aws_launch_template",
      "name": "presentation_tier_lt",
      "provider": "provider[\"registry.terraform.io/hashicorp/aws\"]",
      "instances": [
        {
          "schema_version": 0,
          "attributes": {
            "arn": "arn:aws:ec2:ap-southeast-1:050752643680:launch-template/lt-03f4e25b8a42ad7ca",
            "block_device_mappings": [],
            "capacity_reservation_specification": [],
            "cpu_options": [],
            "credit_specification": [],
            "default_version": 1,
            "description": "",
            "disable_api_stop": false,
            "disable_api_termination": false,
            "ebs_optimized": "",
            "elastic_gpu_specifications": [],
            "elastic_inference_accelerator": [],
            "enclave_options": [],
            "hibernation_options": [],
            "iam_instance_profile": [],
            "id": "lt-03f4e25b8a42ad7ca",
            "image_id": "ami-0b03299ddb99998e9",
            "instance_initiated_shutdown_behavior": "",
            "instance_market_options": [],
            "instance_requirements": [],
            "instance_type": "t2.micro",
            "kernel_id": "",
            "key_name": "keypair",
            "latest_version": 7,
            "license_specification": [],
            "maintenance_options": [],
            "metadata_options": [],
            "monitoring": [],
            "name": "presentation_tier_lt",
            "name_prefix": "",
            "network_interfaces": [
              {
                "associate_carrier_ip_address": "",
                "associate_public_ip_address": "true",
                "connection_tracking_specification": [],
                "delete_on_termination": "",
                "description": "",
                "device_index": 0,
                "ena_srd_specification": [],
                "interface_type": "",
                "ipv4_address_count": 0,
                "ipv4_addresses": [],
                "ipv4_prefix_count": 0,
                "ipv4_prefixes": [],
                "ipv6_address_count": 0,
                "ipv6_addresses": [],
                "ipv6_prefix_count": 0,
                "ipv6_prefixes": [],
                "network_card_index": 0,
                "network_interface_id": "",
                "primary_ipv6": "",
                "private_ip_address": "",
                "security_groups": [
                  "sg-0efc43f47e2f945b0"
                ],
                "subnet_id": ""
              }
            ],
            "placement": [],
            "private_dns_name_options": [],
            "ram_disk_id": "",
            "security_group_names": [],
            "tag_specifications": [],
            "tags": {},
            "tags_all": {},
            "update_default_version": null,
            "user_data": "IyEvYmluL2Jhc2gKIyBVcGRhdGUgcGFja2FnZSBsaXN0IGFuZCBpbnN0YWxsIHJlcXVpcmVkIHBhY2thZ2VzCnN1ZG8geXVtIHVwZGF0ZSAteQpzdWRvIHl1bSBpbnN0YWxsIC15IGdpdAoKIyBJbnN0YWxsIE5vZGUuanMgKHVzZSBOb2RlU291cmNlIGZvciB0aGUgbGF0ZXN0IHZlcnNpb24pCmN1cmwgLWZzU0wgaHR0cHM6Ly9ycG0ubm9kZXNvdXJjZS5jb20vc2V0dXBfMTgueCB8IHN1ZG8gYmFzaCAtCnN1ZG8geXVtIGluc3RhbGwgLXkgbm9kZWpzCgojIEluc3RhbGwgTkdJTlgKc3VkbyB5dW0gaW5zdGFsbCAteSBuZ2lueAoKIyBTdGFydCBhbmQgZW5hYmxlIE5HSU5YCnN1ZG8gc3lzdGVtY3RsIHN0YXJ0IG5naW54CnN1ZG8gc3lzdGVtY3RsIGVuYWJsZSBuZ2lueAoKIyBEZWZpbmUgdmFyaWFibGVzClJFUE9fVVJMPSJodHRwczovL2dpdGh1Yi5jb20vbGVhcm5JdFJpZ2h0V2F5MDEvcmVhY3Qtbm9kZS1teXNxbC1hcHAuZ2l0IgpCUkFOQ0hfTkFNRT0iZmVhdHVyZS9hZGQtbG9nZ2luZyIKUkVQT19ESVI9Ii9ob21lL2VjMi11c2VyL3JlYWN0LW5vZGUtbXlzcWwtYXBwL2Zyb250ZW5kIgpFTlZfRklMRT0iJFJFUE9fRElSLy5lbnYiCkFQUF9USUVSX0FMQl9VUkw9Imh0dHA6Ly9pbnRlcm5hbC1hcHBsaWNhdGlvbi10aWVyLWFsYi05ODUwOTk0MTkuYXAtc291dGhlYXN0LTEuZWxiLmFtYXpvbmF3cy5jb20iICAjIFJlcGxhY2Ugd2l0aCB5b3VyIGFjdHVhbCBhbGIgZW5kcG9pbnQKQVBJX1VSTD0iL2FwaSIKCiMgQ2xvbmUgdGhlIHJlcG9zaXRvcnkgYXMgZWMyLXVzZXIKY2QgL2hvbWUvZWMyLXVzZXIKc3VkbyAtdSBlYzItdXNlciBnaXQgY2xvbmUgJFJFUE9fVVJMCmNkIHJlYWN0LW5vZGUtbXlzcWwtYXBwCgojIENoZWNrb3V0IHRvIHRoZSBzcGVjaWZpYyBicmFuY2gKc3VkbyAtdSBlYzItdXNlciBnaXQgY2hlY2tvdXQgJEJSQU5DSF9OQU1FCmNkIGZyb250ZW5kCgojIEVuc3VyZSBlYzItdXNlciBvd25zIHRoZSBkaXJlY3RvcnkKc3VkbyBjaG93biAtUiBlYzItdXNlcjplYzItdXNlciAvaG9tZS9lYzItdXNlci9yZWFjdC1ub2RlLW15c3FsLWFwcAoKIyBDcmVhdGUgLmVudiBmaWxlIHdpdGggdGhlIEFQSV9VUkwKZWNobyAiVklURV9BUElfVVJMPVwiJEFQSV9VUkxcIiIgPj4gIiRFTlZfRklMRSIKCiMgSW5zdGFsbCBOb2RlLmpzIGRlcGVuZGVuY2llcyBhcyBlYzItdXNlcgpzdWRvIC11IGVjMi11c2VyIG5wbSBpbnN0YWxsCgojIEJ1aWxkIHRoZSBmcm9udGVuZCBhcHBsaWNhdGlvbiBhcyBlYzItdXNlcgpzdWRvIC11IGVjMi11c2VyIG5wbSBydW4gYnVpbGQKCiMgQ29weSB0aGUgYnVpbGQgZmlsZXMgdG8gdGhlIE5HSU5YIGRpcmVjdG9yeQpzdWRvIGNwIC1yIGRpc3QgL3Vzci9zaGFyZS9uZ2lueC9odG1sLwoKIyBVcGRhdGUgTkdJTlggY29uZmlndXJhdGlvbgpOR0lOWF9DT05GPSIvZXRjL25naW54L25naW54LmNvbmYiClNFUlZFUl9OQU1FPSI8ZG9tYWluIHN1YmRvbWFpbj4iICAjIFJlcGxhY2Ugd2l0aCB5b3VyIGFjdHVhbCBkb21haW4gbmFtZQoKIyBCYWNrdXAgZXhpc3RpbmcgTkdJTlggY29uZmlndXJhdGlvbgpzdWRvIGNwICROR0lOWF9DT05GICR7TkdJTlhfQ09ORn0uYmFrCgojIFdyaXRlIG5ldyBOR0lOWCBjb25maWd1cmF0aW9uCnN1ZG8gdGVlICROR0lOWF9DT05GID4gL2Rldi9udWxsIDw8RU9MCnVzZXIgbmdpbng7Cndvcmtlcl9wcm9jZXNzZXMgYXV0bzsKCmVycm9yX2xvZyAvdmFyL2xvZy9uZ2lueC9lcnJvci5sb2cgd2FybjsKcGlkIC9ydW4vbmdpbngucGlkOwoKZXZlbnRzIHsKICAgIHdvcmtlcl9jb25uZWN0aW9ucyAxMDI0Owp9CgpodHRwIHsKICAgIGluY2x1ZGUgL2V0Yy9uZ2lueC9taW1lLnR5cGVzOwogICAgZGVmYXVsdF90eXBlIGFwcGxpY2F0aW9uL29jdGV0LXN0cmVhbTsKCiAgICBsb2dfZm9ybWF0IG1haW4gJ1wkcmVtb3RlX2FkZHIgLSBcJHJlbW90ZV91c2VyIFtcJHRpbWVfbG9jYWxdICJcJHJlcXVlc3QiICcKICAgICAgICAgICAgICAgICAgICAnXCRzdGF0dXMgXCRib2R5X2J5dGVzX3NlbnQgIlwkaHR0cF9yZWZlcmVyIiAnCiAgICAgICAgICAgICAgICAgICAgJyJcJGh0dHBfdXNlcl9hZ2VudCIgIlwkaHR0cF94X2ZvcndhcmRlZF9mb3IiJzsKCiAgICBhY2Nlc3NfbG9nIC92YXIvbG9nL25naW54L2FjY2Vzcy5sb2cgbWFpbjsKCiAgICBzZW5kZmlsZSBvbjsKICAgIHRjcF9ub3B1c2ggb247CiAgICB0Y3Bfbm9kZWxheSBvbjsKICAgIGtlZXBhbGl2ZV90aW1lb3V0IDY1OwogICAgdHlwZXNfaGFzaF9tYXhfc2l6ZSAyMDQ4OwoKICAgIGluY2x1ZGUgL2V0Yy9uZ2lueC9jb25mLmQvKi5jb25mOwp9CkVPTAoKIyBDcmVhdGUgYSBzZXBhcmF0ZSBOR0lOWCBjb25maWd1cmF0aW9uIGZpbGUKc3VkbyB0ZWUgL2V0Yy9uZ2lueC9jb25mLmQvcHJlc2VudGF0aW9uLXRpZXIuY29uZiA+IC9kZXYvbnVsbCA8PEVPTApzZXJ2ZXIgewogICAgbGlzdGVuIDgwOwogICAgc2VydmVyX25hbWUgJFNFUlZFUl9OQU1FOwogICAgcm9vdCAvdXNyL3NoYXJlL25naW54L2h0bWwvZGlzdDsKICAgIGluZGV4IGluZGV4Lmh0bWwgaW5kZXguaHRtOwoKICAgICNoZWFsdGggY2hlY2sKICAgIGxvY2F0aW9uIC9oZWFsdGggewogICAgICAgIGRlZmF1bHRfdHlwZSB0ZXh0L2h0bWw7CiAgICAgICAgcmV0dXJuIDIwMCAiPCFET0NUWVBFIGh0bWw+PHA+SGVhbHRoIGNoZWNrIGVuZHBvaW50PC9wPlxuIjsKICAgIH0KCiAgICBsb2NhdGlvbiAvIHsKICAgICAgICB0cnlfZmlsZXMgXCR1cmkgL2luZGV4Lmh0bWw7CiAgICB9CgogICAgbG9jYXRpb24gL2FwaS8gewogICAgICAgIHByb3h5X3Bhc3MgJEFQUF9USUVSX0FMQl9VUkw7CiAgICAgICAgcHJveHlfc2V0X2hlYWRlciBIb3N0IFwkaG9zdDsKICAgICAgICBwcm94eV9zZXRfaGVhZGVyIFgtUmVhbC1JUCBcJHJlbW90ZV9hZGRyOwogICAgICAgIHByb3h5X3NldF9oZWFkZXIgWC1Gb3J3YXJkZWQtRm9yIFwkcHJveHlfYWRkX3hfZm9yd2FyZGVkX2ZvcjsKICAgICAgICBwcm94eV9zZXRfaGVhZGVyIFgtRm9yd2FyZGVkLVByb3RvIFwkc2NoZW1lOwogICAgfQp9CkVPTAoKCiMgUmVzdGFydCBOR0lOWCB0byBhcHBseSB0aGUgbmV3IGNvbmZpZ3VyYXRpb24Kc3VkbyBzeXN0ZW1jdGwgcmVzdGFydCBuZ2lueA==",
            "vpc_security_group_ids": []
          },
          "sensitive_attributes": [],
          "private": "bnVsbA==",
          "dependencies": [
            "aws_key_pair.keypair",
            "module.networking.aws_vpc.vpc-demo",
            "module.security.aws_security_group.bastion_host",
            "module.security.aws_security_group.prensentation_tier_alb",
            "module.security.aws_security_group.prensentation_tier_ec2"
          ]
        }
      ]
    },
    {
      "module": "module.networking",
      "mode": "managed",
      "type": "aws_eip",
      "name": "nat_eip",
      "provider": "module.networking.provider[\"registry.terraform.io/hashicorp/aws\"]",
      "instances": [
        {
          "schema_version": 0,
          "attributes": {
            "address": null,
            "allocation_id": "eipalloc-0a265a6edee530e03",
            "arn": "arn:aws:ec2:ap-southeast-1:050752643680:elastic-ip/eipalloc-0a265a6edee530e03",
            "associate_with_private_ip": null,
            "association_id": "eipassoc-01a5aaedd081a1f09",
            "carrier_ip": "",
            "customer_owned_ip": "",
            "customer_owned_ipv4_pool": "",
            "domain": "vpc",
            "id": "eipalloc-0a265a6edee530e03",
            "instance": "",
            "ipam_pool_id": null,
            "network_border_group": "ap-southeast-1",
            "network_interface": "eni-0bfcd137a9e86bf69",
            "private_dns": "ip-10-0-1-221.ap-southeast-1.compute.internal",
            "private_ip": "10.0.1.221",
            "ptr_record": "",
            "public_dns": "ec2-52-74-10-230.ap-southeast-1.compute.amazonaws.com",
            "public_ip": "52.74.10.230",
            "public_ipv4_pool": "amazon",
            "tags": {},
            "tags_all": {},
            "timeouts": null,
            "vpc": true
          },
          "sensitive_attributes": [],
          "private": "eyJlMmJmYjczMC1lY2FhLTExZTYtOGY4OC0zNDM2M2JjN2M0YzAiOnsiZGVsZXRlIjoxODAwMDAwMDAwMDAsInJlYWQiOjkwMDAwMDAwMDAwMCwidXBkYXRlIjozMDAwMDAwMDAwMDB9fQ=="
        }
      ]
    },
    {
      "module": "module.networking",
      "mode": "managed",
      "type": "aws_internet_gateway",
      "name": "internetgateway",
      "provider": "module.networking.provider[\"registry.terraform.io/hashicorp/aws\"]",
      "instances": [
        {
          "schema_version": 0,
          "attributes": {
            "arn": "arn:aws:ec2:ap-southeast-1:050752643680:internet-gateway/igw-04c5dec88fa8af5e9",
            "id": "igw-04c5dec88fa8af5e9",
            "owner_id": "050752643680",
            "tags": {},
            "tags_all": {},
            "timeouts": null,
            "vpc_id": "vpc-0a343abdb8fdf4871"
          },
          "sensitive_attributes": [],
          "private": "eyJlMmJmYjczMC1lY2FhLTExZTYtOGY4OC0zNDM2M2JjN2M0YzAiOnsiY3JlYXRlIjoxMjAwMDAwMDAwMDAwLCJkZWxldGUiOjEyMDAwMDAwMDAwMDAsInVwZGF0ZSI6MTIwMDAwMDAwMDAwMH19",
          "dependencies": [
            "module.networking.aws_vpc.vpc-demo"
          ]
        }
      ]
    },
    {
      "module": "module.networking",
      "mode": "managed",
      "type": "aws_nat_gateway",
      "name": "nat-gateway",
      "provider": "module.networking.provider[\"registry.terraform.io/hashicorp/aws\"]",
      "instances": [
        {
          "schema_version": 0,
          "attributes": {
            "allocation_id": "eipalloc-0a265a6edee530e03",
            "association_id": "eipassoc-01a5aaedd081a1f09",
            "connectivity_type": "public",
            "id": "nat-02af3d6d5808c5d0a",
            "network_interface_id": "eni-0bfcd137a9e86bf69",
            "private_ip": "10.0.1.221",
            "public_ip": "52.74.10.230",
            "secondary_allocation_ids": [],
            "secondary_private_ip_address_count": 0,
            "secondary_private_ip_addresses": [],
            "subnet_id": "subnet-08dc1e8fcf5969fd7",
            "tags": {},
            "tags_all": {},
            "timeouts": null
          },
          "sensitive_attributes": [],
          "private": "eyJlMmJmYjczMC1lY2FhLTExZTYtOGY4OC0zNDM2M2JjN2M0YzAiOnsiY3JlYXRlIjo2MDAwMDAwMDAwMDAsImRlbGV0ZSI6MTgwMDAwMDAwMDAwMCwidXBkYXRlIjo2MDAwMDAwMDAwMDB9fQ==",
          "dependencies": [
            "module.networking.aws_eip.nat_eip",
            "module.networking.aws_subnet.public-subnet_present_1",
            "module.networking.aws_vpc.vpc-demo"
          ]
        }
      ]
    },
    {
      "module": "module.networking",
      "mode": "managed",
      "type": "aws_route",
      "name": "route_private",
      "provider": "module.networking.provider[\"registry.terraform.io/hashicorp/aws\"]",
      "instances": [
        {
          "schema_version": 0,
          "attributes": {
            "carrier_gateway_id": "",
            "core_network_arn": "",
            "destination_cidr_block": "0.0.0.0/0",
            "destination_ipv6_cidr_block": "",
            "destination_prefix_list_id": "",
            "egress_only_gateway_id": "",
            "gateway_id": "",
            "id": "r-rtb-0cc13318ff4be0fb81080289494",
            "instance_id": "",
            "instance_owner_id": "",
            "local_gateway_id": "",
            "nat_gateway_id": "nat-02af3d6d5808c5d0a",
            "network_interface_id": "",
            "origin": "CreateRoute",
            "route_table_id": "rtb-0cc13318ff4be0fb8",
            "state": "active",
            "timeouts": null,
            "transit_gateway_id": "",
            "vpc_endpoint_id": "",
            "vpc_peering_connection_id": ""
          },
          "sensitive_attributes": [],
          "private": "eyJlMmJmYjczMC1lY2FhLTExZTYtOGY4OC0zNDM2M2JjN2M0YzAiOnsiY3JlYXRlIjozMDAwMDAwMDAwMDAsImRlbGV0ZSI6MzAwMDAwMDAwMDAwLCJ1cGRhdGUiOjEyMDAwMDAwMDAwMH19",
          "dependencies": [
            "module.networking.aws_eip.nat_eip",
            "module.networking.aws_nat_gateway.nat-gateway",
            "module.networking.aws_route_table.route_table_private",
            "module.networking.aws_subnet.public-subnet_present_1",
            "module.networking.aws_vpc.vpc-demo"
          ]
        }
      ]
    },
    {
      "module": "module.networking",
      "mode": "managed",
      "type": "aws_route",
      "name": "route_public",
      "provider": "module.networking.provider[\"registry.terraform.io/hashicorp/aws\"]",
      "instances": [
        {
          "schema_version": 0,
          "attributes": {
            "carrier_gateway_id": "",
            "core_network_arn": "",
            "destination_cidr_block": "0.0.0.0/0",
            "destination_ipv6_cidr_block": "",
            "destination_prefix_list_id": "",
            "egress_only_gateway_id": "",
            "gateway_id": "igw-04c5dec88fa8af5e9",
            "id": "r-rtb-0046ba3c3bedfad921080289494",
            "instance_id": "",
            "instance_owner_id": "",
            "local_gateway_id": "",
            "nat_gateway_id": "",
            "network_interface_id": "",
            "origin": "CreateRoute",
            "route_table_id": "rtb-0046ba3c3bedfad92",
            "state": "active",
            "timeouts": null,
            "transit_gateway_id": "",
            "vpc_endpoint_id": "",
            "vpc_peering_connection_id": ""
          },
          "sensitive_attributes": [],
          "private": "eyJlMmJmYjczMC1lY2FhLTExZTYtOGY4OC0zNDM2M2JjN2M0YzAiOnsiY3JlYXRlIjozMDAwMDAwMDAwMDAsImRlbGV0ZSI6MzAwMDAwMDAwMDAwLCJ1cGRhdGUiOjEyMDAwMDAwMDAwMH19",
          "dependencies": [
            "module.networking.aws_internet_gateway.internetgateway",
            "module.networking.aws_route_table.route_table_public",
            "module.networking.aws_vpc.vpc-demo"
          ]
        }
      ]
    },
    {
      "module": "module.networking",
      "mode": "managed",
      "type": "aws_route_table",
      "name": "route_table_private",
      "provider": "module.networking.provider[\"registry.terraform.io/hashicorp/aws\"]",
      "instances": [
        {
          "schema_version": 0,
          "attributes": {
            "arn": "arn:aws:ec2:ap-southeast-1:050752643680:route-table/rtb-0cc13318ff4be0fb8",
            "id": "rtb-0cc13318ff4be0fb8",
            "owner_id": "050752643680",
            "propagating_vgws": [],
            "route": [
              {
                "carrier_gateway_id": "",
                "cidr_block": "0.0.0.0/0",
                "core_network_arn": "",
                "destination_prefix_list_id": "",
                "egress_only_gateway_id": "",
                "gateway_id": "",
                "ipv6_cidr_block": "",
                "local_gateway_id": "",
                "nat_gateway_id": "nat-02af3d6d5808c5d0a",
                "network_interface_id": "",
                "transit_gateway_id": "",
                "vpc_endpoint_id": "",
                "vpc_peering_connection_id": ""
              }
            ],
            "tags": {
              "Name": "Private routetable"
            },
            "tags_all": {
              "Name": "Private routetable"
            },
            "timeouts": null,
            "vpc_id": "vpc-0a343abdb8fdf4871"
          },
          "sensitive_attributes": [],
          "private": "eyJlMmJmYjczMC1lY2FhLTExZTYtOGY4OC0zNDM2M2JjN2M0YzAiOnsiY3JlYXRlIjozMDAwMDAwMDAwMDAsImRlbGV0ZSI6MzAwMDAwMDAwMDAwLCJ1cGRhdGUiOjEyMDAwMDAwMDAwMH19",
          "dependencies": [
            "module.networking.aws_vpc.vpc-demo"
          ]
        }
      ]
    },
    {
      "module": "module.networking",
      "mode": "managed",
      "type": "aws_route_table",
      "name": "route_table_public",
      "provider": "module.networking.provider[\"registry.terraform.io/hashicorp/aws\"]",
      "instances": [
        {
          "schema_version": 0,
          "attributes": {
            "arn": "arn:aws:ec2:ap-southeast-1:050752643680:route-table/rtb-0046ba3c3bedfad92",
            "id": "rtb-0046ba3c3bedfad92",
            "owner_id": "050752643680",
            "propagating_vgws": [],
            "route": [
              {
                "carrier_gateway_id": "",
                "cidr_block": "0.0.0.0/0",
                "core_network_arn": "",
                "destination_prefix_list_id": "",
                "egress_only_gateway_id": "",
                "gateway_id": "igw-04c5dec88fa8af5e9",
                "ipv6_cidr_block": "",
                "local_gateway_id": "",
                "nat_gateway_id": "",
                "network_interface_id": "",
                "transit_gateway_id": "",
                "vpc_endpoint_id": "",
                "vpc_peering_connection_id": ""
              }
            ],
            "tags": {
              "Name": "Public routetable"
            },
            "tags_all": {
              "Name": "Public routetable"
            },
            "timeouts": null,
            "vpc_id": "vpc-0a343abdb8fdf4871"
          },
          "sensitive_attributes": [],
          "private": "eyJlMmJmYjczMC1lY2FhLTExZTYtOGY4OC0zNDM2M2JjN2M0YzAiOnsiY3JlYXRlIjozMDAwMDAwMDAwMDAsImRlbGV0ZSI6MzAwMDAwMDAwMDAwLCJ1cGRhdGUiOjEyMDAwMDAwMDAwMH19",
          "dependencies": [
            "module.networking.aws_vpc.vpc-demo"
          ]
        }
      ]
    },
    {
      "module": "module.networking",
      "mode": "managed",
      "type": "aws_route_table_association",
      "name": "private_subnet_association_1",
      "provider": "module.networking.provider[\"registry.terraform.io/hashicorp/aws\"]",
      "instances": [
        {
          "schema_version": 0,
          "attributes": {
            "gateway_id": "",
            "id": "rtbassoc-090120d03e718e99b",
            "route_table_id": "rtb-0cc13318ff4be0fb8",
            "subnet_id": "subnet-0e9e3c029e1fa3b63",
            "timeouts": null
          },
          "sensitive_attributes": [],
          "private": "eyJlMmJmYjczMC1lY2FhLTExZTYtOGY4OC0zNDM2M2JjN2M0YzAiOnsiY3JlYXRlIjozMDAwMDAwMDAwMDAsImRlbGV0ZSI6MzAwMDAwMDAwMDAwLCJ1cGRhdGUiOjEyMDAwMDAwMDAwMH19",
          "dependencies": [
            "module.networking.aws_route_table.route_table_private",
            "module.networking.aws_subnet.private-subnet_applications_1",
            "module.networking.aws_vpc.vpc-demo"
          ]
        }
      ]
    },
    {
      "module": "module.networking",
      "mode": "managed",
      "type": "aws_route_table_association",
      "name": "private_subnet_association_2",
      "provider": "module.networking.provider[\"registry.terraform.io/hashicorp/aws\"]",
      "instances": [
        {
          "schema_version": 0,
          "attributes": {
            "gateway_id": "",
            "id": "rtbassoc-040605a38d12e2432",
            "route_table_id": "rtb-0cc13318ff4be0fb8",
            "subnet_id": "subnet-00193de163d3122d2",
            "timeouts": null
          },
          "sensitive_attributes": [],
          "private": "eyJlMmJmYjczMC1lY2FhLTExZTYtOGY4OC0zNDM2M2JjN2M0YzAiOnsiY3JlYXRlIjozMDAwMDAwMDAwMDAsImRlbGV0ZSI6MzAwMDAwMDAwMDAwLCJ1cGRhdGUiOjEyMDAwMDAwMDAwMH19",
          "dependencies": [
            "module.networking.aws_route_table.route_table_private",
            "module.networking.aws_subnet.private-subnet_applications_2",
            "module.networking.aws_vpc.vpc-demo"
          ]
        }
      ]
    },
    {
      "module": "module.networking",
      "mode": "managed",
      "type": "aws_route_table_association",
      "name": "private_subnet_association_3",
      "provider": "module.networking.provider[\"registry.terraform.io/hashicorp/aws\"]",
      "instances": [
        {
          "schema_version": 0,
          "attributes": {
            "gateway_id": "",
            "id": "rtbassoc-01914457528673699",
            "route_table_id": "rtb-0cc13318ff4be0fb8",
            "subnet_id": "subnet-0e66e9e74c2a92715",
            "timeouts": null
          },
          "sensitive_attributes": [],
          "private": "eyJlMmJmYjczMC1lY2FhLTExZTYtOGY4OC0zNDM2M2JjN2M0YzAiOnsiY3JlYXRlIjozMDAwMDAwMDAwMDAsImRlbGV0ZSI6MzAwMDAwMDAwMDAwLCJ1cGRhdGUiOjEyMDAwMDAwMDAwMH19",
          "dependencies": [
            "module.networking.aws_route_table.route_table_private",
            "module.networking.aws_subnet.private-subnet_data_1",
            "module.networking.aws_vpc.vpc-demo"
          ]
        }
      ]
    },
    {
      "module": "module.networking",
      "mode": "managed",
      "type": "aws_route_table_association",
      "name": "private_subnet_association_4",
      "provider": "module.networking.provider[\"registry.terraform.io/hashicorp/aws\"]",
      "instances": [
        {
          "schema_version": 0,
          "attributes": {
            "gateway_id": "",
            "id": "rtbassoc-05050de214bd10399",
            "route_table_id": "rtb-0cc13318ff4be0fb8",
            "subnet_id": "subnet-096bbc2e66887caf4",
            "timeouts": null
          },
          "sensitive_attributes": [],
          "private": "eyJlMmJmYjczMC1lY2FhLTExZTYtOGY4OC0zNDM2M2JjN2M0YzAiOnsiY3JlYXRlIjozMDAwMDAwMDAwMDAsImRlbGV0ZSI6MzAwMDAwMDAwMDAwLCJ1cGRhdGUiOjEyMDAwMDAwMDAwMH19",
          "dependencies": [
            "module.networking.aws_route_table.route_table_private",
            "module.networking.aws_subnet.private-subnet_data_2",
            "module.networking.aws_vpc.vpc-demo"
          ]
        }
      ]
    },
    {
      "module": "module.networking",
      "mode": "managed",
      "type": "aws_route_table_association",
      "name": "public_subnet_association_1",
      "provider": "module.networking.provider[\"registry.terraform.io/hashicorp/aws\"]",
      "instances": [
        {
          "schema_version": 0,
          "attributes": {
            "gateway_id": "",
            "id": "rtbassoc-09d5b2bc378335930",
            "route_table_id": "rtb-0046ba3c3bedfad92",
            "subnet_id": "subnet-08dc1e8fcf5969fd7",
            "timeouts": null
          },
          "sensitive_attributes": [],
          "private": "eyJlMmJmYjczMC1lY2FhLTExZTYtOGY4OC0zNDM2M2JjN2M0YzAiOnsiY3JlYXRlIjozMDAwMDAwMDAwMDAsImRlbGV0ZSI6MzAwMDAwMDAwMDAwLCJ1cGRhdGUiOjEyMDAwMDAwMDAwMH19",
          "dependencies": [
            "module.networking.aws_route_table.route_table_public",
            "module.networking.aws_subnet.public-subnet_present_1",
            "module.networking.aws_vpc.vpc-demo"
          ]
        }
      ]
    },
    {
      "module": "module.networking",
      "mode": "managed",
      "type": "aws_route_table_association",
      "name": "public_subnet_association_2",
      "provider": "module.networking.provider[\"registry.terraform.io/hashicorp/aws\"]",
      "instances": [
        {
          "schema_version": 0,
          "attributes": {
            "gateway_id": "",
            "id": "rtbassoc-0fa733708298deaad",
            "route_table_id": "rtb-0046ba3c3bedfad92",
            "subnet_id": "subnet-050c79af6af2721c2",
            "timeouts": null
          },
          "sensitive_attributes": [],
          "private": "eyJlMmJmYjczMC1lY2FhLTExZTYtOGY4OC0zNDM2M2JjN2M0YzAiOnsiY3JlYXRlIjozMDAwMDAwMDAwMDAsImRlbGV0ZSI6MzAwMDAwMDAwMDAwLCJ1cGRhdGUiOjEyMDAwMDAwMDAwMH19",
          "dependencies": [
            "module.networking.aws_route_table.route_table_public",
            "module.networking.aws_subnet.public-subnet_present_2",
            "module.networking.aws_vpc.vpc-demo"
          ]
        }
      ]
    },
    {
      "module": "module.networking",
      "mode": "managed",
      "type": "aws_subnet",
      "name": "private-subnet_applications_1",
      "provider": "module.networking.provider[\"registry.terraform.io/hashicorp/aws\"]",
      "instances": [
        {
          "schema_version": 1,
          "attributes": {
            "arn": "arn:aws:ec2:ap-southeast-1:050752643680:subnet/subnet-0e9e3c029e1fa3b63",
            "assign_ipv6_address_on_creation": false,
            "availability_zone": "ap-southeast-1a",
            "availability_zone_id": "apse1-az2",
            "cidr_block": "10.0.3.0/24",
            "customer_owned_ipv4_pool": "",
            "enable_dns64": false,
            "enable_lni_at_device_index": 0,
            "enable_resource_name_dns_a_record_on_launch": false,
            "enable_resource_name_dns_aaaa_record_on_launch": false,
            "id": "subnet-0e9e3c029e1fa3b63",
            "ipv6_cidr_block": "",
            "ipv6_cidr_block_association_id": "",
            "ipv6_native": false,
            "map_customer_owned_ip_on_launch": false,
            "map_public_ip_on_launch": false,
            "outpost_arn": "",
            "owner_id": "050752643680",
            "private_dns_hostname_type_on_launch": "ip-name",
            "tags": {
              "Name": "private-subnet_applications_1"
            },
            "tags_all": {
              "Name": "private-subnet_applications_1"
            },
            "timeouts": null,
            "vpc_id": "vpc-0a343abdb8fdf4871"
          },
          "sensitive_attributes": [],
          "private": "eyJlMmJmYjczMC1lY2FhLTExZTYtOGY4OC0zNDM2M2JjN2M0YzAiOnsiY3JlYXRlIjo2MDAwMDAwMDAwMDAsImRlbGV0ZSI6MTIwMDAwMDAwMDAwMH0sInNjaGVtYV92ZXJzaW9uIjoiMSJ9",
          "dependencies": [
            "module.networking.aws_vpc.vpc-demo"
          ]
        }
      ]
    },
    {
      "module": "module.networking",
      "mode": "managed",
      "type": "aws_subnet",
      "name": "private-subnet_applications_2",
      "provider": "module.networking.provider[\"registry.terraform.io/hashicorp/aws\"]",
      "instances": [
        {
          "schema_version": 1,
          "attributes": {
            "arn": "arn:aws:ec2:ap-southeast-1:050752643680:subnet/subnet-00193de163d3122d2",
            "assign_ipv6_address_on_creation": false,
            "availability_zone": "ap-southeast-1b",
            "availability_zone_id": "apse1-az1",
            "cidr_block": "10.0.4.0/24",
            "customer_owned_ipv4_pool": "",
            "enable_dns64": false,
            "enable_lni_at_device_index": 0,
            "enable_resource_name_dns_a_record_on_launch": false,
            "enable_resource_name_dns_aaaa_record_on_launch": false,
            "id": "subnet-00193de163d3122d2",
            "ipv6_cidr_block": "",
            "ipv6_cidr_block_association_id": "",
            "ipv6_native": false,
            "map_customer_owned_ip_on_launch": false,
            "map_public_ip_on_launch": false,
            "outpost_arn": "",
            "owner_id": "050752643680",
            "private_dns_hostname_type_on_launch": "ip-name",
            "tags": {
              "Name": "private-subnet_applications_2"
            },
            "tags_all": {
              "Name": "private-subnet_applications_2"
            },
            "timeouts": null,
            "vpc_id": "vpc-0a343abdb8fdf4871"
          },
          "sensitive_attributes": [],
          "private": "eyJlMmJmYjczMC1lY2FhLTExZTYtOGY4OC0zNDM2M2JjN2M0YzAiOnsiY3JlYXRlIjo2MDAwMDAwMDAwMDAsImRlbGV0ZSI6MTIwMDAwMDAwMDAwMH0sInNjaGVtYV92ZXJzaW9uIjoiMSJ9",
          "dependencies": [
            "module.networking.aws_vpc.vpc-demo"
          ]
        }
      ]
    },
    {
      "module": "module.networking",
      "mode": "managed",
      "type": "aws_subnet",
      "name": "private-subnet_data_1",
      "provider": "module.networking.provider[\"registry.terraform.io/hashicorp/aws\"]",
      "instances": [
        {
          "schema_version": 1,
          "attributes": {
            "arn": "arn:aws:ec2:ap-southeast-1:050752643680:subnet/subnet-0e66e9e74c2a92715",
            "assign_ipv6_address_on_creation": false,
            "availability_zone": "ap-southeast-1a",
            "availability_zone_id": "apse1-az2",
            "cidr_block": "10.0.5.0/24",
            "customer_owned_ipv4_pool": "",
            "enable_dns64": false,
            "enable_lni_at_device_index": 0,
            "enable_resource_name_dns_a_record_on_launch": false,
            "enable_resource_name_dns_aaaa_record_on_launch": false,
            "id": "subnet-0e66e9e74c2a92715",
            "ipv6_cidr_block": "",
            "ipv6_cidr_block_association_id": "",
            "ipv6_native": false,
            "map_customer_owned_ip_on_launch": false,
            "map_public_ip_on_launch": false,
            "outpost_arn": "",
            "owner_id": "050752643680",
            "private_dns_hostname_type_on_launch": "ip-name",
            "tags": {
              "Name": "private-subnet_data_1"
            },
            "tags_all": {
              "Name": "private-subnet_data_1"
            },
            "timeouts": null,
            "vpc_id": "vpc-0a343abdb8fdf4871"
          },
          "sensitive_attributes": [],
          "private": "eyJlMmJmYjczMC1lY2FhLTExZTYtOGY4OC0zNDM2M2JjN2M0YzAiOnsiY3JlYXRlIjo2MDAwMDAwMDAwMDAsImRlbGV0ZSI6MTIwMDAwMDAwMDAwMH0sInNjaGVtYV92ZXJzaW9uIjoiMSJ9",
          "dependencies": [
            "module.networking.aws_vpc.vpc-demo"
          ]
        }
      ]
    },
    {
      "module": "module.networking",
      "mode": "managed",
      "type": "aws_subnet",
      "name": "private-subnet_data_2",
      "provider": "module.networking.provider[\"registry.terraform.io/hashicorp/aws\"]",
      "instances": [
        {
          "schema_version": 1,
          "attributes": {
            "arn": "arn:aws:ec2:ap-southeast-1:050752643680:subnet/subnet-096bbc2e66887caf4",
            "assign_ipv6_address_on_creation": false,
            "availability_zone": "ap-southeast-1b",
            "availability_zone_id": "apse1-az1",
            "cidr_block": "10.0.6.0/24",
            "customer_owned_ipv4_pool": "",
            "enable_dns64": false,
            "enable_lni_at_device_index": 0,
            "enable_resource_name_dns_a_record_on_launch": false,
            "enable_resource_name_dns_aaaa_record_on_launch": false,
            "id": "subnet-096bbc2e66887caf4",
            "ipv6_cidr_block": "",
            "ipv6_cidr_block_association_id": "",
            "ipv6_native": false,
            "map_customer_owned_ip_on_launch": false,
            "map_public_ip_on_launch": false,
            "outpost_arn": "",
            "owner_id": "050752643680",
            "private_dns_hostname_type_on_launch": "ip-name",
            "tags": {
              "Name": "private-subnet_data_2"
            },
            "tags_all": {
              "Name": "private-subnet_data_2"
            },
            "timeouts": null,
            "vpc_id": "vpc-0a343abdb8fdf4871"
          },
          "sensitive_attributes": [],
          "private": "eyJlMmJmYjczMC1lY2FhLTExZTYtOGY4OC0zNDM2M2JjN2M0YzAiOnsiY3JlYXRlIjo2MDAwMDAwMDAwMDAsImRlbGV0ZSI6MTIwMDAwMDAwMDAwMH0sInNjaGVtYV92ZXJzaW9uIjoiMSJ9",
          "dependencies": [
            "module.networking.aws_vpc.vpc-demo"
          ]
        }
      ]
    },
    {
      "module": "module.networking",
      "mode": "managed",
      "type": "aws_subnet",
      "name": "public-subnet_present_1",
      "provider": "module.networking.provider[\"registry.terraform.io/hashicorp/aws\"]",
      "instances": [
        {
          "schema_version": 1,
          "attributes": {
            "arn": "arn:aws:ec2:ap-southeast-1:050752643680:subnet/subnet-08dc1e8fcf5969fd7",
            "assign_ipv6_address_on_creation": false,
            "availability_zone": "ap-southeast-1a",
            "availability_zone_id": "apse1-az2",
            "cidr_block": "10.0.1.0/24",
            "customer_owned_ipv4_pool": "",
            "enable_dns64": false,
            "enable_lni_at_device_index": 0,
            "enable_resource_name_dns_a_record_on_launch": false,
            "enable_resource_name_dns_aaaa_record_on_launch": false,
            "id": "subnet-08dc1e8fcf5969fd7",
            "ipv6_cidr_block": "",
            "ipv6_cidr_block_association_id": "",
            "ipv6_native": false,
            "map_customer_owned_ip_on_launch": false,
            "map_public_ip_on_launch": false,
            "outpost_arn": "",
            "owner_id": "050752643680",
            "private_dns_hostname_type_on_launch": "ip-name",
            "tags": {
              "Name": "public-subnet_present_1"
            },
            "tags_all": {
              "Name": "public-subnet_present_1"
            },
            "timeouts": null,
            "vpc_id": "vpc-0a343abdb8fdf4871"
          },
          "sensitive_attributes": [],
          "private": "eyJlMmJmYjczMC1lY2FhLTExZTYtOGY4OC0zNDM2M2JjN2M0YzAiOnsiY3JlYXRlIjo2MDAwMDAwMDAwMDAsImRlbGV0ZSI6MTIwMDAwMDAwMDAwMH0sInNjaGVtYV92ZXJzaW9uIjoiMSJ9",
          "dependencies": [
            "module.networking.aws_vpc.vpc-demo"
          ]
        }
      ]
    },
    {
      "module": "module.networking",
      "mode": "managed",
      "type": "aws_subnet",
      "name": "public-subnet_present_2",
      "provider": "module.networking.provider[\"registry.terraform.io/hashicorp/aws\"]",
      "instances": [
        {
          "schema_version": 1,
          "attributes": {
            "arn": "arn:aws:ec2:ap-southeast-1:050752643680:subnet/subnet-050c79af6af2721c2",
            "assign_ipv6_address_on_creation": false,
            "availability_zone": "ap-southeast-1b",
            "availability_zone_id": "apse1-az1",
            "cidr_block": "10.0.2.0/24",
            "customer_owned_ipv4_pool": "",
            "enable_dns64": false,
            "enable_lni_at_device_index": 0,
            "enable_resource_name_dns_a_record_on_launch": false,
            "enable_resource_name_dns_aaaa_record_on_launch": false,
            "id": "subnet-050c79af6af2721c2",
            "ipv6_cidr_block": "",
            "ipv6_cidr_block_association_id": "",
            "ipv6_native": false,
            "map_customer_owned_ip_on_launch": false,
            "map_public_ip_on_launch": false,
            "outpost_arn": "",
            "owner_id": "050752643680",
            "private_dns_hostname_type_on_launch": "ip-name",
            "tags": {
              "Name": "public-subnet_present_2"
            },
            "tags_all": {
              "Name": "public-subnet_present_2"
            },
            "timeouts": null,
            "vpc_id": "vpc-0a343abdb8fdf4871"
          },
          "sensitive_attributes": [],
          "private": "eyJlMmJmYjczMC1lY2FhLTExZTYtOGY4OC0zNDM2M2JjN2M0YzAiOnsiY3JlYXRlIjo2MDAwMDAwMDAwMDAsImRlbGV0ZSI6MTIwMDAwMDAwMDAwMH0sInNjaGVtYV92ZXJzaW9uIjoiMSJ9",
          "dependencies": [
            "module.networking.aws_vpc.vpc-demo"
          ]
        }
      ]
    },
    {
      "module": "module.networking",
      "mode": "managed",
      "type": "aws_vpc",
      "name": "vpc-demo",
      "provider": "module.networking.provider[\"registry.terraform.io/hashicorp/aws\"]",
      "instances": [
        {
          "schema_version": 1,
          "attributes": {
            "arn": "arn:aws:ec2:ap-southeast-1:050752643680:vpc/vpc-0a343abdb8fdf4871",
            "assign_generated_ipv6_cidr_block": false,
            "cidr_block": "10.0.0.0/16",
            "default_network_acl_id": "acl-0941494209b50b792",
            "default_route_table_id": "rtb-0cb080f425e5f569e",
            "default_security_group_id": "sg-0c87fb607341a15d0",
            "dhcp_options_id": "dopt-066b778b4385ab466",
            "enable_dns_hostnames": true,
            "enable_dns_support": true,
            "enable_network_address_usage_metrics": false,
            "id": "vpc-0a343abdb8fdf4871",
            "instance_tenancy": "default",
            "ipv4_ipam_pool_id": null,
            "ipv4_netmask_length": null,
            "ipv6_association_id": "",
            "ipv6_cidr_block": "",
            "ipv6_cidr_block_network_border_group": "",
            "ipv6_ipam_pool_id": "",
            "ipv6_netmask_length": 0,
            "main_route_table_id": "rtb-0cb080f425e5f569e",
            "owner_id": "050752643680",
            "tags": {
              "Name": "Demo VPC"
            },
            "tags_all": {
              "Name": "Demo VPC"
            }
          },
          "sensitive_attributes": [],
          "private": "eyJzY2hlbWFfdmVyc2lvbiI6IjEifQ=="
        }
      ]
    },
    {
      "module": "module.security",
      "mode": "managed",
      "type": "aws_security_group",
      "name": "application_tier_alb",
      "provider": "module.security.provider[\"registry.terraform.io/hashicorp/aws\"]",
      "instances": [
        {
          "schema_version": 1,
          "attributes": {
            "arn": "arn:aws:ec2:ap-southeast-1:050752643680:security-group/sg-0a146d698b600b462",
            "description": "application_tier_alb",
            "egress": [
              {
                "cidr_blocks": [
                  "0.0.0.0/0"
                ],
                "description": "",
                "from_port": 0,
                "ipv6_cidr_blocks": [],
                "prefix_list_ids": [],
                "protocol": "-1",
                "security_groups": [],
                "self": false,
                "to_port": 0
              }
            ],
            "id": "sg-0a146d698b600b462",
            "ingress": [
              {
                "cidr_blocks": [],
                "description": "",
                "from_port": 80,
                "ipv6_cidr_blocks": [],
                "prefix_list_ids": [],
                "protocol": "tcp",
                "security_groups": [
                  "sg-0efc43f47e2f945b0"
                ],
                "self": false,
                "to_port": 80
              }
            ],
            "name": "application_tier_alb",
            "name_prefix": "",
            "owner_id": "050752643680",
            "revoke_rules_on_delete": false,
            "tags": {},
            "tags_all": {},
            "timeouts": null,
            "vpc_id": "vpc-0a343abdb8fdf4871"
          },
          "sensitive_attributes": [],
          "private": "eyJlMmJmYjczMC1lY2FhLTExZTYtOGY4OC0zNDM2M2JjN2M0YzAiOnsiY3JlYXRlIjo2MDAwMDAwMDAwMDAsImRlbGV0ZSI6OTAwMDAwMDAwMDAwfSwic2NoZW1hX3ZlcnNpb24iOiIxIn0=",
          "dependencies": [
            "module.networking.aws_vpc.vpc-demo",
            "module.security.aws_security_group.bastion_host",
            "module.security.aws_security_group.prensentation_tier_alb",
            "module.security.aws_security_group.prensentation_tier_ec2"
          ]
        }
      ]
    },
    {
      "module": "module.security",
      "mode": "managed",
      "type": "aws_security_group",
      "name": "application_tier_ec2",
      "provider": "module.security.provider[\"registry.terraform.io/hashicorp/aws\"]",
      "instances": [
        {
          "schema_version": 1,
          "attributes": {
            "arn": "arn:aws:ec2:ap-southeast-1:050752643680:security-group/sg-01bd7bd39b52fe1c6",
            "description": "application_tier_ec2",
            "egress": [
              {
                "cidr_blocks": [
                  "0.0.0.0/0"
                ],
                "description": "",
                "from_port": 0,
                "ipv6_cidr_blocks": [],
                "prefix_list_ids": [],
                "protocol": "-1",
                "security_groups": [],
                "self": false,
                "to_port": 0
              }
            ],
            "id": "sg-01bd7bd39b52fe1c6",
            "ingress": [
              {
                "cidr_blocks": [],
                "description": "",
                "from_port": 22,
                "ipv6_cidr_blocks": [],
                "prefix_list_ids": [],
                "protocol": "tcp",
                "security_groups": [
                  "sg-08f66a59c0904d7e4"
                ],
                "self": false,
                "to_port": 22
              },
              {
                "cidr_blocks": [],
                "description": "",
                "from_port": 3200,
                "ipv6_cidr_blocks": [],
                "prefix_list_ids": [],
                "protocol": "tcp",
                "security_groups": [
                  "sg-0a146d698b600b462"
                ],
                "self": false,
                "to_port": 3200
              }
            ],
            "name": "application_tier_ec2",
            "name_prefix": "",
            "owner_id": "050752643680",
            "revoke_rules_on_delete": false,
            "tags": {},
            "tags_all": {},
            "timeouts": null,
            "vpc_id": "vpc-0a343abdb8fdf4871"
          },
          "sensitive_attributes": [],
          "private": "eyJlMmJmYjczMC1lY2FhLTExZTYtOGY4OC0zNDM2M2JjN2M0YzAiOnsiY3JlYXRlIjo2MDAwMDAwMDAwMDAsImRlbGV0ZSI6OTAwMDAwMDAwMDAwfSwic2NoZW1hX3ZlcnNpb24iOiIxIn0=",
          "dependencies": [
            "module.networking.aws_vpc.vpc-demo",
            "module.security.aws_security_group.application_tier_alb",
            "module.security.aws_security_group.bastion_host",
            "module.security.aws_security_group.prensentation_tier_alb",
            "module.security.aws_security_group.prensentation_tier_ec2"
          ]
        }
      ]
    },
    {
      "module": "module.security",
      "mode": "managed",
      "type": "aws_security_group",
      "name": "bastion_host",
      "provider": "module.security.provider[\"registry.terraform.io/hashicorp/aws\"]",
      "instances": [
        {
          "schema_version": 1,
          "attributes": {
            "arn": "arn:aws:ec2:ap-southeast-1:050752643680:security-group/sg-08f66a59c0904d7e4",
            "description": "bastion_host",
            "egress": [
              {
                "cidr_blocks": [
                  "0.0.0.0/0"
                ],
                "description": "",
                "from_port": 0,
                "ipv6_cidr_blocks": [],
                "prefix_list_ids": [],
                "protocol": "-1",
                "security_groups": [],
                "self": false,
                "to_port": 0
              }
            ],
            "id": "sg-08f66a59c0904d7e4",
            "ingress": [
              {
                "cidr_blocks": [
                  "0.0.0.0/0"
                ],
                "description": "",
                "from_port": 22,
                "ipv6_cidr_blocks": [],
                "prefix_list_ids": [],
                "protocol": "tcp",
                "security_groups": [],
                "self": false,
                "to_port": 22
              }
            ],
            "name": "bastion_host",
            "name_prefix": "",
            "owner_id": "050752643680",
            "revoke_rules_on_delete": false,
            "tags": {},
            "tags_all": {},
            "timeouts": null,
            "vpc_id": "vpc-0a343abdb8fdf4871"
          },
          "sensitive_attributes": [],
          "private": "eyJlMmJmYjczMC1lY2FhLTExZTYtOGY4OC0zNDM2M2JjN2M0YzAiOnsiY3JlYXRlIjo2MDAwMDAwMDAwMDAsImRlbGV0ZSI6OTAwMDAwMDAwMDAwfSwic2NoZW1hX3ZlcnNpb24iOiIxIn0=",
          "dependencies": [
            "module.networking.aws_vpc.vpc-demo"
          ]
        }
      ]
    },
    {
      "module": "module.security",
      "mode": "managed",
      "type": "aws_security_group",
      "name": "data_tier",
      "provider": "module.security.provider[\"registry.terraform.io/hashicorp/aws\"]",
      "instances": [
        {
          "schema_version": 1,
          "attributes": {
            "arn": "arn:aws:ec2:ap-southeast-1:050752643680:security-group/sg-098f0b990c287a37a",
            "description": "data_tier",
            "egress": [
              {
                "cidr_blocks": [
                  "0.0.0.0/0"
                ],
                "description": "",
                "from_port": 0,
                "ipv6_cidr_blocks": [],
                "prefix_list_ids": [],
                "protocol": "-1",
                "security_groups": [],
                "self": false,
                "to_port": 0
              }
            ],
            "id": "sg-098f0b990c287a37a",
            "ingress": [
              {
                "cidr_blocks": [],
                "description": "",
                "from_port": 3306,
                "ipv6_cidr_blocks": [],
                "prefix_list_ids": [],
                "protocol": "tcp",
                "security_groups": [
                  "sg-01bd7bd39b52fe1c6"
                ],
                "self": false,
                "to_port": 3306
              },
              {
                "cidr_blocks": [],
                "description": "",
                "from_port": 3306,
                "ipv6_cidr_blocks": [],
                "prefix_list_ids": [],
                "protocol": "tcp",
                "security_groups": [
                  "sg-08f66a59c0904d7e4"
                ],
                "self": false,
                "to_port": 3306
              }
            ],
            "name": "data_tier",
            "name_prefix": "",
            "owner_id": "050752643680",
            "revoke_rules_on_delete": false,
            "tags": {},
            "tags_all": {},
            "timeouts": null,
            "vpc_id": "vpc-0a343abdb8fdf4871"
          },
          "sensitive_attributes": [],
          "private": "eyJlMmJmYjczMC1lY2FhLTExZTYtOGY4OC0zNDM2M2JjN2M0YzAiOnsiY3JlYXRlIjo2MDAwMDAwMDAwMDAsImRlbGV0ZSI6OTAwMDAwMDAwMDAwfSwic2NoZW1hX3ZlcnNpb24iOiIxIn0=",
          "dependencies": [
            "module.networking.aws_vpc.vpc-demo",
            "module.security.aws_security_group.application_tier_alb",
            "module.security.aws_security_group.application_tier_ec2",
            "module.security.aws_security_group.bastion_host",
            "module.security.aws_security_group.prensentation_tier_alb",
            "module.security.aws_security_group.prensentation_tier_ec2"
          ]
        }
      ]
    },
    {
      "module": "module.security",
      "mode": "managed",
      "type": "aws_security_group",
      "name": "prensentation_tier_alb",
      "provider": "module.security.provider[\"registry.terraform.io/hashicorp/aws\"]",
      "instances": [
        {
          "schema_version": 1,
          "attributes": {
            "arn": "arn:aws:ec2:ap-southeast-1:050752643680:security-group/sg-0c8f8d482a9ae2c73",
            "description": "prensentation_tier_alb",
            "egress": [
              {
                "cidr_blocks": [
                  "0.0.0.0/0"
                ],
                "description": "",
                "from_port": 0,
                "ipv6_cidr_blocks": [],
                "prefix_list_ids": [],
                "protocol": "-1",
                "security_groups": [],
                "self": false,
                "to_port": 0
              }
            ],
            "id": "sg-0c8f8d482a9ae2c73",
            "ingress": [
              {
                "cidr_blocks": [
                  "0.0.0.0/0"
                ],
                "description": "",
                "from_port": 80,
                "ipv6_cidr_blocks": [],
                "prefix_list_ids": [],
                "protocol": "tcp",
                "security_groups": [],
                "self": false,
                "to_port": 80
              }
            ],
            "name": "prensentation_tier_alb",
            "name_prefix": "",
            "owner_id": "050752643680",
            "revoke_rules_on_delete": false,
            "tags": {},
            "tags_all": {},
            "timeouts": null,
            "vpc_id": "vpc-0a343abdb8fdf4871"
          },
          "sensitive_attributes": [],
          "private": "eyJlMmJmYjczMC1lY2FhLTExZTYtOGY4OC0zNDM2M2JjN2M0YzAiOnsiY3JlYXRlIjo2MDAwMDAwMDAwMDAsImRlbGV0ZSI6OTAwMDAwMDAwMDAwfSwic2NoZW1hX3ZlcnNpb24iOiIxIn0=",
          "dependencies": [
            "module.networking.aws_vpc.vpc-demo"
          ]
        }
      ]
    },
    {
      "module": "module.security",
      "mode": "managed",
      "type": "aws_security_group",
      "name": "prensentation_tier_ec2",
      "provider": "module.security.provider[\"registry.terraform.io/hashicorp/aws\"]",
      "instances": [
        {
          "schema_version": 1,
          "attributes": {
            "arn": "arn:aws:ec2:ap-southeast-1:050752643680:security-group/sg-0efc43f47e2f945b0",
            "description": "prensentation_tier_ec2",
            "egress": [
              {
                "cidr_blocks": [
                  "0.0.0.0/0"
                ],
                "description": "",
                "from_port": 0,
                "ipv6_cidr_blocks": [],
                "prefix_list_ids": [],
                "protocol": "-1",
                "security_groups": [],
                "self": false,
                "to_port": 0
              }
            ],
            "id": "sg-0efc43f47e2f945b0",
            "ingress": [
              {
                "cidr_blocks": [],
                "description": "",
                "from_port": 22,
                "ipv6_cidr_blocks": [],
                "prefix_list_ids": [],
                "protocol": "tcp",
                "security_groups": [
                  "sg-08f66a59c0904d7e4"
                ],
                "self": false,
                "to_port": 22
              },
              {
                "cidr_blocks": [],
                "description": "",
                "from_port": 80,
                "ipv6_cidr_blocks": [],
                "prefix_list_ids": [],
                "protocol": "tcp",
                "security_groups": [
                  "sg-0c8f8d482a9ae2c73"
                ],
                "self": false,
                "to_port": 80
              }
            ],
            "name": "prensentation_tier_ec2",
            "name_prefix": "",
            "owner_id": "050752643680",
            "revoke_rules_on_delete": false,
            "tags": {},
            "tags_all": {},
            "timeouts": null,
            "vpc_id": "vpc-0a343abdb8fdf4871"
          },
          "sensitive_attributes": [],
          "private": "eyJlMmJmYjczMC1lY2FhLTExZTYtOGY4OC0zNDM2M2JjN2M0YzAiOnsiY3JlYXRlIjo2MDAwMDAwMDAwMDAsImRlbGV0ZSI6OTAwMDAwMDAwMDAwfSwic2NoZW1hX3ZlcnNpb24iOiIxIn0=",
          "dependencies": [
            "module.networking.aws_vpc.vpc-demo",
            "module.security.aws_security_group.bastion_host",
            "module.security.aws_security_group.prensentation_tier_alb"
          ]
        }
      ]
    }
  ],
  "check_results": null
}
